// !$*UTF8*$!
{
	archiveVersion = 1;
	classes = {
	};
	objectVersion = 55;
	objects = {

/* Begin PBXBuildFile section */
		1923752C281DD11900D297BB /* MenuItem.swift in Sources */ = {isa = PBXBuildFile; fileRef = 1923752B281DD11900D297BB /* MenuItem.swift */; };
		1923752E281DD28B00D297BB /* Menu.swift in Sources */ = {isa = PBXBuildFile; fileRef = 1923752D281DD28B00D297BB /* Menu.swift */; };
		19237530281DF1F800D297BB /* ShoppingList.swift in Sources */ = {isa = PBXBuildFile; fileRef = 1923752F281DF1F800D297BB /* ShoppingList.swift */; };
		19237532281DFE8F00D297BB /* WeeklyMenu.swift in Sources */ = {isa = PBXBuildFile; fileRef = 19237531281DFE8F00D297BB /* WeeklyMenu.swift */; };
		19284068281B143700D7AFF2 /* OCRdata.swift in Sources */ = {isa = PBXBuildFile; fileRef = 19284067281B143700D7AFF2 /* OCRdata.swift */; };
		195F706B27F8DE83004F638D /* ObentoAPITests.swift in Sources */ = {isa = PBXBuildFile; fileRef = 195F706A27F8DE83004F638D /* ObentoAPITests.swift */; };
		195F706D27F8E07E004F638D /* RecipeCategory.swift in Sources */ = {isa = PBXBuildFile; fileRef = 195F706C27F8E07E004F638D /* RecipeCategory.swift */; };
		1975D17127F3A7DF0015A54C /* ObentoApi.swift in Sources */ = {isa = PBXBuildFile; fileRef = 1975D17027F3A7DF0015A54C /* ObentoApi.swift */; };
		530CD30627E7DECB0042A8FD /* NewStepTableViewCell.swift in Sources */ = {isa = PBXBuildFile; fileRef = 530CD30427E7DECB0042A8FD /* NewStepTableViewCell.swift */; };
		530CD30727E7DECB0042A8FD /* NewStepTableViewCell.xib in Resources */ = {isa = PBXBuildFile; fileRef = 530CD30527E7DECB0042A8FD /* NewStepTableViewCell.xib */; };
		530CD30E27E821FB0042A8FD /* CategoryCollectionViewCell.swift in Sources */ = {isa = PBXBuildFile; fileRef = 530CD30C27E821FB0042A8FD /* CategoryCollectionViewCell.swift */; };
		530CD30F27E821FB0042A8FD /* CategoryCollectionViewCell.xib in Resources */ = {isa = PBXBuildFile; fileRef = 530CD30D27E821FB0042A8FD /* CategoryCollectionViewCell.xib */; };
		5327055A27D3988300394FFB /* TabBarController.swift in Sources */ = {isa = PBXBuildFile; fileRef = 5327055927D3988300394FFB /* TabBarController.swift */; };
		5327055C27D39B5100394FFB /* MenuViewController.swift in Sources */ = {isa = PBXBuildFile; fileRef = 5327055B27D39B5100394FFB /* MenuViewController.swift */; };
		5327055E27D39B5A00394FFB /* AddViewController.swift in Sources */ = {isa = PBXBuildFile; fileRef = 5327055D27D39B5A00394FFB /* AddViewController.swift */; };
		5327056027D39B6700394FFB /* CartViewController.swift in Sources */ = {isa = PBXBuildFile; fileRef = 5327055F27D39B6700394FFB /* CartViewController.swift */; };
		5327056227D39B8B00394FFB /* ProfileViewController.swift in Sources */ = {isa = PBXBuildFile; fileRef = 5327056127D39B8B00394FFB /* ProfileViewController.swift */; };
		532B6A9227DBBF6100277BF4 /* UIViewController+Extension.swift in Sources */ = {isa = PBXBuildFile; fileRef = 532B6A9127DBBF6100277BF4 /* UIViewController+Extension.swift */; };
		532B6A9427DBC12200277BF4 /* UserDefaults+Extension.swift in Sources */ = {isa = PBXBuildFile; fileRef = 532B6A9327DBC12200277BF4 /* UserDefaults+Extension.swift */; };
		532B6A9927DBDB9500277BF4 /* Recipe.swift in Sources */ = {isa = PBXBuildFile; fileRef = 532B6A9827DBDB9500277BF4 /* Recipe.swift */; };
		532B6A9B27DBDBF700277BF4 /* Ingredient.swift in Sources */ = {isa = PBXBuildFile; fileRef = 532B6A9A27DBDBF700277BF4 /* Ingredient.swift */; };
		532B6A9D27DBE3FA00277BF4 /* RecipeViewController.swift in Sources */ = {isa = PBXBuildFile; fileRef = 532B6A9C27DBE3FA00277BF4 /* RecipeViewController.swift */; };
		533A0F5927E113BC007B94FE /* IngredientCollectionViewCell.swift in Sources */ = {isa = PBXBuildFile; fileRef = 533A0F5727E113BC007B94FE /* IngredientCollectionViewCell.swift */; };
		533A0F5A27E113BC007B94FE /* IngredientCollectionViewCell.xib in Resources */ = {isa = PBXBuildFile; fileRef = 533A0F5827E113BC007B94FE /* IngredientCollectionViewCell.xib */; };
		534032B427DD84DC00D67625 /* CartTableViewCell.swift in Sources */ = {isa = PBXBuildFile; fileRef = 534032B227DD84DC00D67625 /* CartTableViewCell.swift */; };
		534032B527DD84DC00D67625 /* CartTableViewCell.xib in Resources */ = {isa = PBXBuildFile; fileRef = 534032B327DD84DC00D67625 /* CartTableViewCell.xib */; };
		534D1B0127E7B8AA00FA736B /* NewIngredientTableViewCellTableViewCell.swift in Sources */ = {isa = PBXBuildFile; fileRef = 534D1AFF27E7B8AA00FA736B /* NewIngredientTableViewCellTableViewCell.swift */; };
		534D1B0227E7B8AA00FA736B /* NewIngredientTableViewCellTableViewCell.xib in Resources */ = {isa = PBXBuildFile; fileRef = 534D1B0027E7B8AA00FA736B /* NewIngredientTableViewCellTableViewCell.xib */; };
		5359C50927E6262A005A7E8C /* DateController.swift in Sources */ = {isa = PBXBuildFile; fileRef = 5359C50827E6262A005A7E8C /* DateController.swift */; };
		535A5C5D27DCF3CA00D52BDB /* PopularRecipesCollectionViewCell.swift in Sources */ = {isa = PBXBuildFile; fileRef = 535A5C5B27DCF3CA00D52BDB /* PopularRecipesCollectionViewCell.swift */; };
		535A5C5E27DCF3CA00D52BDB /* PopularRecipesCollectionViewCell.xib in Resources */ = {isa = PBXBuildFile; fileRef = 535A5C5C27DCF3CA00D52BDB /* PopularRecipesCollectionViewCell.xib */; };
		535E94DA27D453EC00C1A713 /* UIViex+Extension.swift in Sources */ = {isa = PBXBuildFile; fileRef = 535E94D927D453EC00C1A713 /* UIViex+Extension.swift */; };
		535E94DD27D454AB00C1A713 /* OnboardingSlide.swift in Sources */ = {isa = PBXBuildFile; fileRef = 535E94DC27D454AB00C1A713 /* OnboardingSlide.swift */; };
		535E94E827D4ECB700C1A713 /* OnboardingViewController.swift in Sources */ = {isa = PBXBuildFile; fileRef = 535E94E727D4ECB700C1A713 /* OnboardingViewController.swift */; };
		535E94EA27D4F32300C1A713 /* OnboardingCollectionViewCell.swift in Sources */ = {isa = PBXBuildFile; fileRef = 535E94E927D4F32300C1A713 /* OnboardingCollectionViewCell.swift */; };
		5364A89C27E8D062000A8346 /* CustomDay.swift in Sources */ = {isa = PBXBuildFile; fileRef = 5364A89B27E8D062000A8346 /* CustomDay.swift */; };
		536A184E27E6B3A300E0614A /* RecipeNavigationController.swift in Sources */ = {isa = PBXBuildFile; fileRef = 536A184D27E6B3A300E0614A /* RecipeNavigationController.swift */; };
		536A185027E6B6B100E0614A /* RecipeCommonStep1ViewController.swift in Sources */ = {isa = PBXBuildFile; fileRef = 536A184F27E6B6B100E0614A /* RecipeCommonStep1ViewController.swift */; };
		536A185227E6B6C500E0614A /* RecipeCommonStep2ViewController.swift in Sources */ = {isa = PBXBuildFile; fileRef = 536A185127E6B6C500E0614A /* RecipeCommonStep2ViewController.swift */; };
		536A185427E6B6D800E0614A /* RecipeManualStep3ViewController.swift in Sources */ = {isa = PBXBuildFile; fileRef = 536A185327E6B6D800E0614A /* RecipeManualStep3ViewController.swift */; };
		536A185627E6B6E500E0614A /* RecipeManualStep4ViewController.swift in Sources */ = {isa = PBXBuildFile; fileRef = 536A185527E6B6E500E0614A /* RecipeManualStep4ViewController.swift */; };
		536A185827E6B6F000E0614A /* RecipeOCRStep3ViewController.swift in Sources */ = {isa = PBXBuildFile; fileRef = 536A185727E6B6F000E0614A /* RecipeOCRStep3ViewController.swift */; };
		536A185C27E6B71D00E0614A /* RecipeCommonStep5ViewController.swift in Sources */ = {isa = PBXBuildFile; fileRef = 536A185B27E6B71D00E0614A /* RecipeCommonStep5ViewController.swift */; };
		536A185E27E6B83B00E0614A /* MenuNavigationController.swift in Sources */ = {isa = PBXBuildFile; fileRef = 536A185D27E6B83B00E0614A /* MenuNavigationController.swift */; };
		536A186027E6B85100E0614A /* MenuCommonStep1ViewController.swift in Sources */ = {isa = PBXBuildFile; fileRef = 536A185F27E6B85100E0614A /* MenuCommonStep1ViewController.swift */; };
		536A186227E6B86700E0614A /* MenuCustomStep2ViewController.swift in Sources */ = {isa = PBXBuildFile; fileRef = 536A186127E6B86700E0614A /* MenuCustomStep2ViewController.swift */; };
		536A186427E6B87400E0614A /* MenuCustomStep3ViewController.swift in Sources */ = {isa = PBXBuildFile; fileRef = 536A186327E6B87400E0614A /* MenuCustomStep3ViewController.swift */; };
		536A186627E6B87E00E0614A /* MenuCommonStep4ViewController.swift in Sources */ = {isa = PBXBuildFile; fileRef = 536A186527E6B87E00E0614A /* MenuCommonStep4ViewController.swift */; };
		53ACED7827D417DF00C0FBF3 /* Main.storyboard in Resources */ = {isa = PBXBuildFile; fileRef = 53ACED7727D417DF00C0FBF3 /* Main.storyboard */; };
		53CBA36C27E15A280080422A /* StepTableViewCell.swift in Sources */ = {isa = PBXBuildFile; fileRef = 53CBA36A27E15A280080422A /* StepTableViewCell.swift */; };
		53CBA36D27E15A280080422A /* StepTableViewCell.xib in Resources */ = {isa = PBXBuildFile; fileRef = 53CBA36B27E15A280080422A /* StepTableViewCell.xib */; };
		53CBA36F27E172C20080422A /* Step.swift in Sources */ = {isa = PBXBuildFile; fileRef = 53CBA36E27E172C20080422A /* Step.swift */; };
		53CBA37227E1E2560080422A /* ContentSizedTableView.swift in Sources */ = {isa = PBXBuildFile; fileRef = 53CBA37127E1E2560080422A /* ContentSizedTableView.swift */; };
		53E50C6827C017FF000AA45F /* AppDelegate.swift in Sources */ = {isa = PBXBuildFile; fileRef = 53E50C6727C017FF000AA45F /* AppDelegate.swift */; };
		53E50C6A27C017FF000AA45F /* SceneDelegate.swift in Sources */ = {isa = PBXBuildFile; fileRef = 53E50C6927C017FF000AA45F /* SceneDelegate.swift */; };
		53E50C6C27C017FF000AA45F /* TodayViewController.swift in Sources */ = {isa = PBXBuildFile; fileRef = 53E50C6B27C017FF000AA45F /* TodayViewController.swift */; };
		53E50C7127C01800000AA45F /* Assets.xcassets in Resources */ = {isa = PBXBuildFile; fileRef = 53E50C7027C01800000AA45F /* Assets.xcassets */; };
		53E50C7427C01800000AA45F /* LaunchScreen.storyboard in Resources */ = {isa = PBXBuildFile; fileRef = 53E50C7227C01800000AA45F /* LaunchScreen.storyboard */; };
		53E50C7F27C01800000AA45F /* ObentoTests.swift in Sources */ = {isa = PBXBuildFile; fileRef = 53E50C7E27C01800000AA45F /* ObentoTests.swift */; };
		53E50C8927C01800000AA45F /* ObentoUITests.swift in Sources */ = {isa = PBXBuildFile; fileRef = 53E50C8827C01800000AA45F /* ObentoUITests.swift */; };
		53E50C8B27C01800000AA45F /* ObentoUITestsLaunchTests.swift in Sources */ = {isa = PBXBuildFile; fileRef = 53E50C8A27C01800000AA45F /* ObentoUITestsLaunchTests.swift */; };
/* End PBXBuildFile section */

/* Begin PBXContainerItemProxy section */
		53E50C7B27C01800000AA45F /* PBXContainerItemProxy */ = {
			isa = PBXContainerItemProxy;
			containerPortal = 53E50C5C27C017FF000AA45F /* Project object */;
			proxyType = 1;
			remoteGlobalIDString = 53E50C6327C017FF000AA45F;
			remoteInfo = Obento;
		};
		53E50C8527C01800000AA45F /* PBXContainerItemProxy */ = {
			isa = PBXContainerItemProxy;
			containerPortal = 53E50C5C27C017FF000AA45F /* Project object */;
			proxyType = 1;
			remoteGlobalIDString = 53E50C6327C017FF000AA45F;
			remoteInfo = Obento;
		};
/* End PBXContainerItemProxy section */

/* Begin PBXFileReference section */
		1923752B281DD11900D297BB /* MenuItem.swift */ = {isa = PBXFileReference; fileEncoding = 4; lastKnownFileType = sourcecode.swift; path = MenuItem.swift; sourceTree = "<group>"; };
		1923752D281DD28B00D297BB /* Menu.swift */ = {isa = PBXFileReference; fileEncoding = 4; lastKnownFileType = sourcecode.swift; name = Menu.swift; path = Obento/Models/Menu.swift; sourceTree = SOURCE_ROOT; };
		1923752F281DF1F800D297BB /* ShoppingList.swift */ = {isa = PBXFileReference; lastKnownFileType = sourcecode.swift; path = ShoppingList.swift; sourceTree = "<group>"; };
		19237531281DFE8F00D297BB /* WeeklyMenu.swift */ = {isa = PBXFileReference; lastKnownFileType = sourcecode.swift; path = WeeklyMenu.swift; sourceTree = "<group>"; };
		19284067281B143700D7AFF2 /* OCRdata.swift */ = {isa = PBXFileReference; lastKnownFileType = sourcecode.swift; path = OCRdata.swift; sourceTree = "<group>"; };
		195F706A27F8DE83004F638D /* ObentoAPITests.swift */ = {isa = PBXFileReference; lastKnownFileType = sourcecode.swift; path = ObentoAPITests.swift; sourceTree = "<group>"; };
		195F706C27F8E07E004F638D /* RecipeCategory.swift */ = {isa = PBXFileReference; lastKnownFileType = sourcecode.swift; path = RecipeCategory.swift; sourceTree = "<group>"; };
		1975D17027F3A7DF0015A54C /* ObentoApi.swift */ = {isa = PBXFileReference; lastKnownFileType = sourcecode.swift; path = ObentoApi.swift; sourceTree = "<group>"; };
		530CD30427E7DECB0042A8FD /* NewStepTableViewCell.swift */ = {isa = PBXFileReference; lastKnownFileType = sourcecode.swift; path = NewStepTableViewCell.swift; sourceTree = "<group>"; };
		530CD30527E7DECB0042A8FD /* NewStepTableViewCell.xib */ = {isa = PBXFileReference; lastKnownFileType = file.xib; path = NewStepTableViewCell.xib; sourceTree = "<group>"; };
		530CD30C27E821FB0042A8FD /* CategoryCollectionViewCell.swift */ = {isa = PBXFileReference; lastKnownFileType = sourcecode.swift; path = CategoryCollectionViewCell.swift; sourceTree = "<group>"; };
		530CD30D27E821FB0042A8FD /* CategoryCollectionViewCell.xib */ = {isa = PBXFileReference; lastKnownFileType = file.xib; path = CategoryCollectionViewCell.xib; sourceTree = "<group>"; };
		5327055927D3988300394FFB /* TabBarController.swift */ = {isa = PBXFileReference; lastKnownFileType = sourcecode.swift; path = TabBarController.swift; sourceTree = "<group>"; };
		5327055B27D39B5100394FFB /* MenuViewController.swift */ = {isa = PBXFileReference; lastKnownFileType = sourcecode.swift; path = MenuViewController.swift; sourceTree = "<group>"; };
		5327055D27D39B5A00394FFB /* AddViewController.swift */ = {isa = PBXFileReference; lastKnownFileType = sourcecode.swift; path = AddViewController.swift; sourceTree = "<group>"; };
		5327055F27D39B6700394FFB /* CartViewController.swift */ = {isa = PBXFileReference; lastKnownFileType = sourcecode.swift; path = CartViewController.swift; sourceTree = "<group>"; };
		5327056127D39B8B00394FFB /* ProfileViewController.swift */ = {isa = PBXFileReference; lastKnownFileType = sourcecode.swift; path = ProfileViewController.swift; sourceTree = "<group>"; };
		532B6A9127DBBF6100277BF4 /* UIViewController+Extension.swift */ = {isa = PBXFileReference; lastKnownFileType = sourcecode.swift; path = "UIViewController+Extension.swift"; sourceTree = "<group>"; };
		532B6A9327DBC12200277BF4 /* UserDefaults+Extension.swift */ = {isa = PBXFileReference; lastKnownFileType = sourcecode.swift; path = "UserDefaults+Extension.swift"; sourceTree = "<group>"; };
		532B6A9827DBDB9500277BF4 /* Recipe.swift */ = {isa = PBXFileReference; lastKnownFileType = sourcecode.swift; path = Recipe.swift; sourceTree = "<group>"; };
		532B6A9A27DBDBF700277BF4 /* Ingredient.swift */ = {isa = PBXFileReference; lastKnownFileType = sourcecode.swift; path = Ingredient.swift; sourceTree = "<group>"; };
		532B6A9C27DBE3FA00277BF4 /* RecipeViewController.swift */ = {isa = PBXFileReference; lastKnownFileType = sourcecode.swift; path = RecipeViewController.swift; sourceTree = "<group>"; };
		533A0F5727E113BC007B94FE /* IngredientCollectionViewCell.swift */ = {isa = PBXFileReference; lastKnownFileType = sourcecode.swift; path = IngredientCollectionViewCell.swift; sourceTree = "<group>"; };
		533A0F5827E113BC007B94FE /* IngredientCollectionViewCell.xib */ = {isa = PBXFileReference; lastKnownFileType = file.xib; path = IngredientCollectionViewCell.xib; sourceTree = "<group>"; };
		534032B227DD84DC00D67625 /* CartTableViewCell.swift */ = {isa = PBXFileReference; lastKnownFileType = sourcecode.swift; path = CartTableViewCell.swift; sourceTree = "<group>"; };
		534032B327DD84DC00D67625 /* CartTableViewCell.xib */ = {isa = PBXFileReference; lastKnownFileType = file.xib; path = CartTableViewCell.xib; sourceTree = "<group>"; };
		534D1AFF27E7B8AA00FA736B /* NewIngredientTableViewCellTableViewCell.swift */ = {isa = PBXFileReference; lastKnownFileType = sourcecode.swift; path = NewIngredientTableViewCellTableViewCell.swift; sourceTree = "<group>"; };
		534D1B0027E7B8AA00FA736B /* NewIngredientTableViewCellTableViewCell.xib */ = {isa = PBXFileReference; lastKnownFileType = file.xib; path = NewIngredientTableViewCellTableViewCell.xib; sourceTree = "<group>"; };
		5359C50827E6262A005A7E8C /* DateController.swift */ = {isa = PBXFileReference; lastKnownFileType = sourcecode.swift; path = DateController.swift; sourceTree = "<group>"; };
		535A5C5B27DCF3CA00D52BDB /* PopularRecipesCollectionViewCell.swift */ = {isa = PBXFileReference; lastKnownFileType = sourcecode.swift; path = PopularRecipesCollectionViewCell.swift; sourceTree = "<group>"; };
		535A5C5C27DCF3CA00D52BDB /* PopularRecipesCollectionViewCell.xib */ = {isa = PBXFileReference; lastKnownFileType = file.xib; path = PopularRecipesCollectionViewCell.xib; sourceTree = "<group>"; };
		535E94D927D453EC00C1A713 /* UIViex+Extension.swift */ = {isa = PBXFileReference; lastKnownFileType = sourcecode.swift; path = "UIViex+Extension.swift"; sourceTree = "<group>"; };
		535E94DC27D454AB00C1A713 /* OnboardingSlide.swift */ = {isa = PBXFileReference; lastKnownFileType = sourcecode.swift; path = OnboardingSlide.swift; sourceTree = "<group>"; };
		535E94E727D4ECB700C1A713 /* OnboardingViewController.swift */ = {isa = PBXFileReference; lastKnownFileType = sourcecode.swift; path = OnboardingViewController.swift; sourceTree = "<group>"; };
		535E94E927D4F32300C1A713 /* OnboardingCollectionViewCell.swift */ = {isa = PBXFileReference; lastKnownFileType = sourcecode.swift; path = OnboardingCollectionViewCell.swift; sourceTree = "<group>"; };
		5364A89B27E8D062000A8346 /* CustomDay.swift */ = {isa = PBXFileReference; lastKnownFileType = sourcecode.swift; path = CustomDay.swift; sourceTree = "<group>"; };
		536A184D27E6B3A300E0614A /* RecipeNavigationController.swift */ = {isa = PBXFileReference; lastKnownFileType = sourcecode.swift; path = RecipeNavigationController.swift; sourceTree = "<group>"; };
		536A184F27E6B6B100E0614A /* RecipeCommonStep1ViewController.swift */ = {isa = PBXFileReference; lastKnownFileType = sourcecode.swift; path = RecipeCommonStep1ViewController.swift; sourceTree = "<group>"; };
		536A185127E6B6C500E0614A /* RecipeCommonStep2ViewController.swift */ = {isa = PBXFileReference; lastKnownFileType = sourcecode.swift; path = RecipeCommonStep2ViewController.swift; sourceTree = "<group>"; };
		536A185327E6B6D800E0614A /* RecipeManualStep3ViewController.swift */ = {isa = PBXFileReference; lastKnownFileType = sourcecode.swift; path = RecipeManualStep3ViewController.swift; sourceTree = "<group>"; };
		536A185527E6B6E500E0614A /* RecipeManualStep4ViewController.swift */ = {isa = PBXFileReference; lastKnownFileType = sourcecode.swift; path = RecipeManualStep4ViewController.swift; sourceTree = "<group>"; };
		536A185727E6B6F000E0614A /* RecipeOCRStep3ViewController.swift */ = {isa = PBXFileReference; lastKnownFileType = sourcecode.swift; path = RecipeOCRStep3ViewController.swift; sourceTree = "<group>"; };
		536A185B27E6B71D00E0614A /* RecipeCommonStep5ViewController.swift */ = {isa = PBXFileReference; lastKnownFileType = sourcecode.swift; path = RecipeCommonStep5ViewController.swift; sourceTree = "<group>"; };
		536A185D27E6B83B00E0614A /* MenuNavigationController.swift */ = {isa = PBXFileReference; lastKnownFileType = sourcecode.swift; path = MenuNavigationController.swift; sourceTree = "<group>"; };
		536A185F27E6B85100E0614A /* MenuCommonStep1ViewController.swift */ = {isa = PBXFileReference; lastKnownFileType = sourcecode.swift; path = MenuCommonStep1ViewController.swift; sourceTree = "<group>"; };
		536A186127E6B86700E0614A /* MenuCustomStep2ViewController.swift */ = {isa = PBXFileReference; lastKnownFileType = sourcecode.swift; path = MenuCustomStep2ViewController.swift; sourceTree = "<group>"; };
		536A186327E6B87400E0614A /* MenuCustomStep3ViewController.swift */ = {isa = PBXFileReference; lastKnownFileType = sourcecode.swift; path = MenuCustomStep3ViewController.swift; sourceTree = "<group>"; };
		536A186527E6B87E00E0614A /* MenuCommonStep4ViewController.swift */ = {isa = PBXFileReference; lastKnownFileType = sourcecode.swift; path = MenuCommonStep4ViewController.swift; sourceTree = "<group>"; };
		53ACED7727D417DF00C0FBF3 /* Main.storyboard */ = {isa = PBXFileReference; lastKnownFileType = file.storyboard; path = Main.storyboard; sourceTree = "<group>"; };
		53CBA36A27E15A280080422A /* StepTableViewCell.swift */ = {isa = PBXFileReference; lastKnownFileType = sourcecode.swift; path = StepTableViewCell.swift; sourceTree = "<group>"; };
		53CBA36B27E15A280080422A /* StepTableViewCell.xib */ = {isa = PBXFileReference; lastKnownFileType = file.xib; path = StepTableViewCell.xib; sourceTree = "<group>"; };
		53CBA36E27E172C20080422A /* Step.swift */ = {isa = PBXFileReference; lastKnownFileType = sourcecode.swift; path = Step.swift; sourceTree = "<group>"; };
		53CBA37127E1E2560080422A /* ContentSizedTableView.swift */ = {isa = PBXFileReference; lastKnownFileType = sourcecode.swift; path = ContentSizedTableView.swift; sourceTree = "<group>"; };
		53E50C6427C017FF000AA45F /* Obento.app */ = {isa = PBXFileReference; explicitFileType = wrapper.application; includeInIndex = 0; path = Obento.app; sourceTree = BUILT_PRODUCTS_DIR; };
		53E50C6727C017FF000AA45F /* AppDelegate.swift */ = {isa = PBXFileReference; lastKnownFileType = sourcecode.swift; path = AppDelegate.swift; sourceTree = "<group>"; };
		53E50C6927C017FF000AA45F /* SceneDelegate.swift */ = {isa = PBXFileReference; lastKnownFileType = sourcecode.swift; path = SceneDelegate.swift; sourceTree = "<group>"; };
		53E50C6B27C017FF000AA45F /* TodayViewController.swift */ = {isa = PBXFileReference; lastKnownFileType = sourcecode.swift; path = TodayViewController.swift; sourceTree = "<group>"; };
		53E50C7027C01800000AA45F /* Assets.xcassets */ = {isa = PBXFileReference; lastKnownFileType = folder.assetcatalog; path = Assets.xcassets; sourceTree = "<group>"; };
		53E50C7327C01800000AA45F /* Base */ = {isa = PBXFileReference; lastKnownFileType = file.storyboard; name = Base; path = Base.lproj/LaunchScreen.storyboard; sourceTree = "<group>"; };
		53E50C7527C01800000AA45F /* Info.plist */ = {isa = PBXFileReference; lastKnownFileType = text.plist.xml; path = Info.plist; sourceTree = "<group>"; };
		53E50C7A27C01800000AA45F /* ObentoTests.xctest */ = {isa = PBXFileReference; explicitFileType = wrapper.cfbundle; includeInIndex = 0; path = ObentoTests.xctest; sourceTree = BUILT_PRODUCTS_DIR; };
		53E50C7E27C01800000AA45F /* ObentoTests.swift */ = {isa = PBXFileReference; lastKnownFileType = sourcecode.swift; path = ObentoTests.swift; sourceTree = "<group>"; };
		53E50C8427C01800000AA45F /* ObentoUITests.xctest */ = {isa = PBXFileReference; explicitFileType = wrapper.cfbundle; includeInIndex = 0; path = ObentoUITests.xctest; sourceTree = BUILT_PRODUCTS_DIR; };
		53E50C8827C01800000AA45F /* ObentoUITests.swift */ = {isa = PBXFileReference; lastKnownFileType = sourcecode.swift; path = ObentoUITests.swift; sourceTree = "<group>"; };
		53E50C8A27C01800000AA45F /* ObentoUITestsLaunchTests.swift */ = {isa = PBXFileReference; lastKnownFileType = sourcecode.swift; path = ObentoUITestsLaunchTests.swift; sourceTree = "<group>"; };
/* End PBXFileReference section */

/* Begin PBXFrameworksBuildPhase section */
		53E50C6127C017FF000AA45F /* Frameworks */ = {
			isa = PBXFrameworksBuildPhase;
			buildActionMask = 2147483647;
			files = (
			);
			runOnlyForDeploymentPostprocessing = 0;
		};
		53E50C7727C01800000AA45F /* Frameworks */ = {
			isa = PBXFrameworksBuildPhase;
			buildActionMask = 2147483647;
			files = (
			);
			runOnlyForDeploymentPostprocessing = 0;
		};
		53E50C8127C01800000AA45F /* Frameworks */ = {
			isa = PBXFrameworksBuildPhase;
			buildActionMask = 2147483647;
			files = (
			);
			runOnlyForDeploymentPostprocessing = 0;
		};
/* End PBXFrameworksBuildPhase section */

/* Begin PBXGroup section */
		1975D16F27F3A72D0015A54C /* API */ = {
			isa = PBXGroup;
			children = (
				1975D17027F3A7DF0015A54C /* ObentoApi.swift */,
			);
			path = API;
			sourceTree = "<group>";
		};
		530CD30B27E821DC0042A8FD /* CategoryCollectionViewCell */ = {
			isa = PBXGroup;
			children = (
				530CD30C27E821FB0042A8FD /* CategoryCollectionViewCell.swift */,
				530CD30D27E821FB0042A8FD /* CategoryCollectionViewCell.xib */,
			);
			path = CategoryCollectionViewCell;
			sourceTree = "<group>";
		};
		532B6A9E27DCB12200277BF4 /* CollectionViewCells */ = {
			isa = PBXGroup;
			children = (
				530CD30B27E821DC0042A8FD /* CategoryCollectionViewCell */,
				534D1B0327E7DE8600FA736B /* NewStepTableViewCell */,
				534D1AFC27E7B87000FA736B /* NewIngredientTableViewCell */,
				53CBA36927E159FB0080422A /* StepsViewCell */,
				533A0F5627E11394007B94FE /* IngredientViewCell */,
				534032AA27DD80D500D67625 /* CartTableViewCell */,
				535A5C5A27DCF39400D52BDB /* PopularRecipesViewCell */,
			);
			path = CollectionViewCells;
			sourceTree = "<group>";
		};
		533A0F5627E11394007B94FE /* IngredientViewCell */ = {
			isa = PBXGroup;
			children = (
				533A0F5727E113BC007B94FE /* IngredientCollectionViewCell.swift */,
				533A0F5827E113BC007B94FE /* IngredientCollectionViewCell.xib */,
			);
			path = IngredientViewCell;
			sourceTree = "<group>";
		};
		534032AA27DD80D500D67625 /* CartTableViewCell */ = {
			isa = PBXGroup;
			children = (
				534032B227DD84DC00D67625 /* CartTableViewCell.swift */,
				534032B327DD84DC00D67625 /* CartTableViewCell.xib */,
			);
			path = CartTableViewCell;
			sourceTree = "<group>";
		};
		534032AF27DD817400D67625 /* MainViews */ = {
			isa = PBXGroup;
			children = (
				53E50C6B27C017FF000AA45F /* TodayViewController.swift */,
				5327055B27D39B5100394FFB /* MenuViewController.swift */,
				5327055D27D39B5A00394FFB /* AddViewController.swift */,
				5327055F27D39B6700394FFB /* CartViewController.swift */,
				5327056127D39B8B00394FFB /* ProfileViewController.swift */,
			);
			path = MainViews;
			sourceTree = "<group>";
		};
		534D1AFC27E7B87000FA736B /* NewIngredientTableViewCell */ = {
			isa = PBXGroup;
			children = (
				534D1AFF27E7B8AA00FA736B /* NewIngredientTableViewCellTableViewCell.swift */,
				534D1B0027E7B8AA00FA736B /* NewIngredientTableViewCellTableViewCell.xib */,
			);
			path = NewIngredientTableViewCell;
			sourceTree = "<group>";
		};
		534D1B0327E7DE8600FA736B /* NewStepTableViewCell */ = {
			isa = PBXGroup;
			children = (
				530CD30427E7DECB0042A8FD /* NewStepTableViewCell.swift */,
				530CD30527E7DECB0042A8FD /* NewStepTableViewCell.xib */,
			);
			path = NewStepTableViewCell;
			sourceTree = "<group>";
		};
		5359C50727E62612005A7E8C /* Controllers */ = {
			isa = PBXGroup;
			children = (
				5359C50827E6262A005A7E8C /* DateController.swift */,
			);
			path = Controllers;
			sourceTree = "<group>";
		};
		535A5C5A27DCF39400D52BDB /* PopularRecipesViewCell */ = {
			isa = PBXGroup;
			children = (
				535A5C5B27DCF3CA00D52BDB /* PopularRecipesCollectionViewCell.swift */,
				535A5C5C27DCF3CA00D52BDB /* PopularRecipesCollectionViewCell.xib */,
			);
			path = PopularRecipesViewCell;
			sourceTree = "<group>";
		};
		535E94D827D453D800C1A713 /* Extensions */ = {
			isa = PBXGroup;
			children = (
				535E94D927D453EC00C1A713 /* UIViex+Extension.swift */,
				532B6A9127DBBF6100277BF4 /* UIViewController+Extension.swift */,
				532B6A9327DBC12200277BF4 /* UserDefaults+Extension.swift */,
			);
			path = Extensions;
			sourceTree = "<group>";
		};
		535E94DB27D4549500C1A713 /* Models */ = {
			isa = PBXGroup;
			children = (
				53CBA37027E1E2230080422A /* Subcrasses */,
				535E94DC27D454AB00C1A713 /* OnboardingSlide.swift */,
				532B6A9827DBDB9500277BF4 /* Recipe.swift */,
				1923752D281DD28B00D297BB /* Menu.swift */,
				1923752B281DD11900D297BB /* MenuItem.swift */,
				532B6A9A27DBDBF700277BF4 /* Ingredient.swift */,
				53CBA36E27E172C20080422A /* Step.swift */,
				5364A89B27E8D062000A8346 /* CustomDay.swift */,
				195F706C27F8E07E004F638D /* RecipeCategory.swift */,
				19284067281B143700D7AFF2 /* OCRdata.swift */,
				1923752F281DF1F800D297BB /* ShoppingList.swift */,
				19237531281DFE8F00D297BB /* WeeklyMenu.swift */,
			);
			path = Models;
			sourceTree = "<group>";
		};
		535E94E127D45DBD00C1A713 /* Views */ = {
			isa = PBXGroup;
			children = (
				534032AF27DD817400D67625 /* MainViews */,
				536A184227E6AC6400E0614A /* RecipeViews */,
				536A184127E6AC5B00E0614A /* MenuViews */,
				532B6A9E27DCB12200277BF4 /* CollectionViewCells */,
				535E94E627D4E9E700C1A713 /* Onboarding */,
				532B6A9C27DBE3FA00277BF4 /* RecipeViewController.swift */,
			);
			path = Views;
			sourceTree = "<group>";
		};
		535E94E627D4E9E700C1A713 /* Onboarding */ = {
			isa = PBXGroup;
			children = (
				535E94E727D4ECB700C1A713 /* OnboardingViewController.swift */,
				535E94E927D4F32300C1A713 /* OnboardingCollectionViewCell.swift */,
			);
			path = Onboarding;
			sourceTree = "<group>";
		};
		536A184127E6AC5B00E0614A /* MenuViews */ = {
			isa = PBXGroup;
			children = (
				536A185D27E6B83B00E0614A /* MenuNavigationController.swift */,
				536A185F27E6B85100E0614A /* MenuCommonStep1ViewController.swift */,
				536A186127E6B86700E0614A /* MenuCustomStep2ViewController.swift */,
				536A186327E6B87400E0614A /* MenuCustomStep3ViewController.swift */,
				536A186527E6B87E00E0614A /* MenuCommonStep4ViewController.swift */,
			);
			path = MenuViews;
			sourceTree = "<group>";
		};
		536A184227E6AC6400E0614A /* RecipeViews */ = {
			isa = PBXGroup;
			children = (
				536A184D27E6B3A300E0614A /* RecipeNavigationController.swift */,
				536A184F27E6B6B100E0614A /* RecipeCommonStep1ViewController.swift */,
				536A185127E6B6C500E0614A /* RecipeCommonStep2ViewController.swift */,
				536A185327E6B6D800E0614A /* RecipeManualStep3ViewController.swift */,
				536A185527E6B6E500E0614A /* RecipeManualStep4ViewController.swift */,
				536A185727E6B6F000E0614A /* RecipeOCRStep3ViewController.swift */,
				536A185B27E6B71D00E0614A /* RecipeCommonStep5ViewController.swift */,
			);
			path = RecipeViews;
			sourceTree = "<group>";
		};
		53CBA36927E159FB0080422A /* StepsViewCell */ = {
			isa = PBXGroup;
			children = (
				53CBA36A27E15A280080422A /* StepTableViewCell.swift */,
				53CBA36B27E15A280080422A /* StepTableViewCell.xib */,
			);
			path = StepsViewCell;
			sourceTree = "<group>";
		};
		53CBA37027E1E2230080422A /* Subcrasses */ = {
			isa = PBXGroup;
			children = (
				53CBA37127E1E2560080422A /* ContentSizedTableView.swift */,
			);
			path = Subcrasses;
			sourceTree = "<group>";
		};
		53E50C5B27C017FF000AA45F = {
			isa = PBXGroup;
			children = (
				53E50C6627C017FF000AA45F /* Obento */,
				53E50C7D27C01800000AA45F /* ObentoTests */,
				53E50C8727C01800000AA45F /* ObentoUITests */,
				53E50C6527C017FF000AA45F /* Products */,
			);
			sourceTree = "<group>";
		};
		53E50C6527C017FF000AA45F /* Products */ = {
			isa = PBXGroup;
			children = (
				53E50C6427C017FF000AA45F /* Obento.app */,
				53E50C7A27C01800000AA45F /* ObentoTests.xctest */,
				53E50C8427C01800000AA45F /* ObentoUITests.xctest */,
			);
			name = Products;
			sourceTree = "<group>";
		};
		53E50C6627C017FF000AA45F /* Obento */ = {
			isa = PBXGroup;
			children = (
				1975D16F27F3A72D0015A54C /* API */,
				5359C50727E62612005A7E8C /* Controllers */,
				535E94D827D453D800C1A713 /* Extensions */,
				535E94E127D45DBD00C1A713 /* Views */,
				535E94DB27D4549500C1A713 /* Models */,
				53E50C6727C017FF000AA45F /* AppDelegate.swift */,
				53E50C6927C017FF000AA45F /* SceneDelegate.swift */,
				5327055927D3988300394FFB /* TabBarController.swift */,
				53ACED7727D417DF00C0FBF3 /* Main.storyboard */,
				53E50C7227C01800000AA45F /* LaunchScreen.storyboard */,
				53E50C7027C01800000AA45F /* Assets.xcassets */,
				53E50C7527C01800000AA45F /* Info.plist */,
			);
			path = Obento;
			sourceTree = "<group>";
		};
		53E50C7D27C01800000AA45F /* ObentoTests */ = {
			isa = PBXGroup;
			children = (
				53E50C7E27C01800000AA45F /* ObentoTests.swift */,
				195F706A27F8DE83004F638D /* ObentoAPITests.swift */,
			);
			path = ObentoTests;
			sourceTree = "<group>";
		};
		53E50C8727C01800000AA45F /* ObentoUITests */ = {
			isa = PBXGroup;
			children = (
				53E50C8827C01800000AA45F /* ObentoUITests.swift */,
				53E50C8A27C01800000AA45F /* ObentoUITestsLaunchTests.swift */,
			);
			path = ObentoUITests;
			sourceTree = "<group>";
		};
/* End PBXGroup section */

/* Begin PBXNativeTarget section */
		53E50C6327C017FF000AA45F /* Obento */ = {
			isa = PBXNativeTarget;
			buildConfigurationList = 53E50C8E27C01800000AA45F /* Build configuration list for PBXNativeTarget "Obento" */;
			buildPhases = (
				53E50C6027C017FF000AA45F /* Sources */,
				53E50C6127C017FF000AA45F /* Frameworks */,
				53E50C6227C017FF000AA45F /* Resources */,
			);
			buildRules = (
			);
			dependencies = (
			);
			name = Obento;
			packageProductDependencies = (
			);
			productName = Obento;
			productReference = 53E50C6427C017FF000AA45F /* Obento.app */;
			productType = "com.apple.product-type.application";
		};
		53E50C7927C01800000AA45F /* ObentoTests */ = {
			isa = PBXNativeTarget;
			buildConfigurationList = 53E50C9127C01800000AA45F /* Build configuration list for PBXNativeTarget "ObentoTests" */;
			buildPhases = (
				53E50C7627C01800000AA45F /* Sources */,
				53E50C7727C01800000AA45F /* Frameworks */,
				53E50C7827C01800000AA45F /* Resources */,
			);
			buildRules = (
			);
			dependencies = (
				53E50C7C27C01800000AA45F /* PBXTargetDependency */,
			);
			name = ObentoTests;
			productName = ObentoTests;
			productReference = 53E50C7A27C01800000AA45F /* ObentoTests.xctest */;
			productType = "com.apple.product-type.bundle.unit-test";
		};
		53E50C8327C01800000AA45F /* ObentoUITests */ = {
			isa = PBXNativeTarget;
			buildConfigurationList = 53E50C9427C01800000AA45F /* Build configuration list for PBXNativeTarget "ObentoUITests" */;
			buildPhases = (
				53E50C8027C01800000AA45F /* Sources */,
				53E50C8127C01800000AA45F /* Frameworks */,
				53E50C8227C01800000AA45F /* Resources */,
			);
			buildRules = (
			);
			dependencies = (
				53E50C8627C01800000AA45F /* PBXTargetDependency */,
			);
			name = ObentoUITests;
			productName = ObentoUITests;
			productReference = 53E50C8427C01800000AA45F /* ObentoUITests.xctest */;
			productType = "com.apple.product-type.bundle.ui-testing";
		};
/* End PBXNativeTarget section */

/* Begin PBXProject section */
		53E50C5C27C017FF000AA45F /* Project object */ = {
			isa = PBXProject;
			attributes = {
				BuildIndependentTargetsInParallel = 1;
				KnownAssetTags = (
					0,
				);
				LastSwiftUpdateCheck = 1320;
				LastUpgradeCheck = 1320;
				TargetAttributes = {
					53E50C6327C017FF000AA45F = {
						CreatedOnToolsVersion = 13.2.1;
					};
					53E50C7927C01800000AA45F = {
						CreatedOnToolsVersion = 13.2.1;
						TestTargetID = 53E50C6327C017FF000AA45F;
					};
					53E50C8327C01800000AA45F = {
						CreatedOnToolsVersion = 13.2.1;
						TestTargetID = 53E50C6327C017FF000AA45F;
					};
				};
			};
			buildConfigurationList = 53E50C5F27C017FF000AA45F /* Build configuration list for PBXProject "Obento" */;
			compatibilityVersion = "Xcode 13.0";
			developmentRegion = en;
			hasScannedForEncodings = 0;
			knownRegions = (
				en,
				Base,
			);
			mainGroup = 53E50C5B27C017FF000AA45F;
			packageReferences = (
				1975D17227F3AC2B0015A54C /* XCRemoteSwiftPackageReference "AnyCodable" */,
				1975D17927F3B4AF0015A54C /* XCRemoteSwiftPackageReference "Get" */,
			);
			productRefGroup = 53E50C6527C017FF000AA45F /* Products */;
			projectDirPath = "";
			projectRoot = "";
			targets = (
				53E50C6327C017FF000AA45F /* Obento */,
				53E50C7927C01800000AA45F /* ObentoTests */,
				53E50C8327C01800000AA45F /* ObentoUITests */,
			);
		};
/* End PBXProject section */

/* Begin PBXResourcesBuildPhase section */
		53E50C6227C017FF000AA45F /* Resources */ = {
			isa = PBXResourcesBuildPhase;
			buildActionMask = 2147483647;
			files = (
				533A0F5A27E113BC007B94FE /* IngredientCollectionViewCell.xib in Resources */,
				534032B527DD84DC00D67625 /* CartTableViewCell.xib in Resources */,
				530CD30727E7DECB0042A8FD /* NewStepTableViewCell.xib in Resources */,
				53E50C7427C01800000AA45F /* LaunchScreen.storyboard in Resources */,
				53CBA36D27E15A280080422A /* StepTableViewCell.xib in Resources */,
				53E50C7127C01800000AA45F /* Assets.xcassets in Resources */,
				530CD30F27E821FB0042A8FD /* CategoryCollectionViewCell.xib in Resources */,
				535A5C5E27DCF3CA00D52BDB /* PopularRecipesCollectionViewCell.xib in Resources */,
				53ACED7827D417DF00C0FBF3 /* Main.storyboard in Resources */,
				534D1B0227E7B8AA00FA736B /* NewIngredientTableViewCellTableViewCell.xib in Resources */,
			);
			runOnlyForDeploymentPostprocessing = 0;
		};
		53E50C7827C01800000AA45F /* Resources */ = {
			isa = PBXResourcesBuildPhase;
			buildActionMask = 2147483647;
			files = (
			);
			runOnlyForDeploymentPostprocessing = 0;
		};
		53E50C8227C01800000AA45F /* Resources */ = {
			isa = PBXResourcesBuildPhase;
			buildActionMask = 2147483647;
			files = (
			);
			runOnlyForDeploymentPostprocessing = 0;
		};
/* End PBXResourcesBuildPhase section */

/* Begin PBXSourcesBuildPhase section */
		53E50C6027C017FF000AA45F /* Sources */ = {
			isa = PBXSourcesBuildPhase;
			buildActionMask = 2147483647;
			files = (
				535E94E827D4ECB700C1A713 /* OnboardingViewController.swift in Sources */,
				19237532281DFE8F00D297BB /* WeeklyMenu.swift in Sources */,
				53CBA36C27E15A280080422A /* StepTableViewCell.swift in Sources */,
				532B6A9227DBBF6100277BF4 /* UIViewController+Extension.swift in Sources */,
				53CBA37227E1E2560080422A /* ContentSizedTableView.swift in Sources */,
				536A185627E6B6E500E0614A /* RecipeManualStep4ViewController.swift in Sources */,
				53E50C6C27C017FF000AA45F /* TodayViewController.swift in Sources */,
				533A0F5927E113BC007B94FE /* IngredientCollectionViewCell.swift in Sources */,
				536A186027E6B85100E0614A /* MenuCommonStep1ViewController.swift in Sources */,
				1975D17127F3A7DF0015A54C /* ObentoApi.swift in Sources */,
				532B6A9D27DBE3FA00277BF4 /* RecipeViewController.swift in Sources */,
				5327055C27D39B5100394FFB /* MenuViewController.swift in Sources */,
				536A186227E6B86700E0614A /* MenuCustomStep2ViewController.swift in Sources */,
				53CBA36F27E172C20080422A /* Step.swift in Sources */,
				532B6A9B27DBDBF700277BF4 /* Ingredient.swift in Sources */,
				5364A89C27E8D062000A8346 /* CustomDay.swift in Sources */,
				536A186427E6B87400E0614A /* MenuCustomStep3ViewController.swift in Sources */,
				5327056027D39B6700394FFB /* CartViewController.swift in Sources */,
				532B6A9927DBDB9500277BF4 /* Recipe.swift in Sources */,
				536A184E27E6B3A300E0614A /* RecipeNavigationController.swift in Sources */,
				19237530281DF1F800D297BB /* ShoppingList.swift in Sources */,
				536A185E27E6B83B00E0614A /* MenuNavigationController.swift in Sources */,
				536A186627E6B87E00E0614A /* MenuCommonStep4ViewController.swift in Sources */,
				536A185C27E6B71D00E0614A /* RecipeCommonStep5ViewController.swift in Sources */,
				535E94EA27D4F32300C1A713 /* OnboardingCollectionViewCell.swift in Sources */,
				530CD30627E7DECB0042A8FD /* NewStepTableViewCell.swift in Sources */,
				1923752E281DD28B00D297BB /* Menu.swift in Sources */,
				1923752C281DD11900D297BB /* MenuItem.swift in Sources */,
				532B6A9427DBC12200277BF4 /* UserDefaults+Extension.swift in Sources */,
				535A5C5D27DCF3CA00D52BDB /* PopularRecipesCollectionViewCell.swift in Sources */,
				536A185027E6B6B100E0614A /* RecipeCommonStep1ViewController.swift in Sources */,
				195F706D27F8E07E004F638D /* RecipeCategory.swift in Sources */,
				536A185227E6B6C500E0614A /* RecipeCommonStep2ViewController.swift in Sources */,
				5327055E27D39B5A00394FFB /* AddViewController.swift in Sources */,
				5327055A27D3988300394FFB /* TabBarController.swift in Sources */,
				534032B427DD84DC00D67625 /* CartTableViewCell.swift in Sources */,
				5359C50927E6262A005A7E8C /* DateController.swift in Sources */,
				19284068281B143700D7AFF2 /* OCRdata.swift in Sources */,
				536A185427E6B6D800E0614A /* RecipeManualStep3ViewController.swift in Sources */,
				536A185827E6B6F000E0614A /* RecipeOCRStep3ViewController.swift in Sources */,
				534D1B0127E7B8AA00FA736B /* NewIngredientTableViewCellTableViewCell.swift in Sources */,
				53E50C6827C017FF000AA45F /* AppDelegate.swift in Sources */,
				5327056227D39B8B00394FFB /* ProfileViewController.swift in Sources */,
				535E94DA27D453EC00C1A713 /* UIViex+Extension.swift in Sources */,
				53E50C6A27C017FF000AA45F /* SceneDelegate.swift in Sources */,
				535E94DD27D454AB00C1A713 /* OnboardingSlide.swift in Sources */,
				530CD30E27E821FB0042A8FD /* CategoryCollectionViewCell.swift in Sources */,
			);
			runOnlyForDeploymentPostprocessing = 0;
		};
		53E50C7627C01800000AA45F /* Sources */ = {
			isa = PBXSourcesBuildPhase;
			buildActionMask = 2147483647;
			files = (
				53E50C7F27C01800000AA45F /* ObentoTests.swift in Sources */,
				195F706B27F8DE83004F638D /* ObentoAPITests.swift in Sources */,
			);
			runOnlyForDeploymentPostprocessing = 0;
		};
		53E50C8027C01800000AA45F /* Sources */ = {
			isa = PBXSourcesBuildPhase;
			buildActionMask = 2147483647;
			files = (
				53E50C8927C01800000AA45F /* ObentoUITests.swift in Sources */,
				53E50C8B27C01800000AA45F /* ObentoUITestsLaunchTests.swift in Sources */,
			);
			runOnlyForDeploymentPostprocessing = 0;
		};
/* End PBXSourcesBuildPhase section */

/* Begin PBXTargetDependency section */
		53E50C7C27C01800000AA45F /* PBXTargetDependency */ = {
			isa = PBXTargetDependency;
			target = 53E50C6327C017FF000AA45F /* Obento */;
			targetProxy = 53E50C7B27C01800000AA45F /* PBXContainerItemProxy */;
		};
		53E50C8627C01800000AA45F /* PBXTargetDependency */ = {
			isa = PBXTargetDependency;
			target = 53E50C6327C017FF000AA45F /* Obento */;
			targetProxy = 53E50C8527C01800000AA45F /* PBXContainerItemProxy */;
		};
/* End PBXTargetDependency section */

/* Begin PBXVariantGroup section */
		53E50C7227C01800000AA45F /* LaunchScreen.storyboard */ = {
			isa = PBXVariantGroup;
			children = (
				53E50C7327C01800000AA45F /* Base */,
			);
			name = LaunchScreen.storyboard;
			sourceTree = "<group>";
		};
/* End PBXVariantGroup section */

/* Begin XCBuildConfiguration section */
		53E50C8C27C01800000AA45F /* Debug */ = {
			isa = XCBuildConfiguration;
			buildSettings = {
				ALWAYS_SEARCH_USER_PATHS = NO;
				CLANG_ANALYZER_NONNULL = YES;
				CLANG_ANALYZER_NUMBER_OBJECT_CONVERSION = YES_AGGRESSIVE;
				CLANG_CXX_LANGUAGE_STANDARD = "gnu++17";
				CLANG_CXX_LIBRARY = "libc++";
				CLANG_ENABLE_MODULES = YES;
				CLANG_ENABLE_OBJC_ARC = YES;
				CLANG_ENABLE_OBJC_WEAK = YES;
				CLANG_WARN_BLOCK_CAPTURE_AUTORELEASING = YES;
				CLANG_WARN_BOOL_CONVERSION = YES;
				CLANG_WARN_COMMA = YES;
				CLANG_WARN_CONSTANT_CONVERSION = YES;
				CLANG_WARN_DEPRECATED_OBJC_IMPLEMENTATIONS = YES;
				CLANG_WARN_DIRECT_OBJC_ISA_USAGE = YES_ERROR;
				CLANG_WARN_DOCUMENTATION_COMMENTS = YES;
				CLANG_WARN_EMPTY_BODY = YES;
				CLANG_WARN_ENUM_CONVERSION = YES;
				CLANG_WARN_INFINITE_RECURSION = YES;
				CLANG_WARN_INT_CONVERSION = YES;
				CLANG_WARN_NON_LITERAL_NULL_CONVERSION = YES;
				CLANG_WARN_OBJC_IMPLICIT_RETAIN_SELF = YES;
				CLANG_WARN_OBJC_LITERAL_CONVERSION = YES;
				CLANG_WARN_OBJC_ROOT_CLASS = YES_ERROR;
				CLANG_WARN_QUOTED_INCLUDE_IN_FRAMEWORK_HEADER = YES;
				CLANG_WARN_RANGE_LOOP_ANALYSIS = YES;
				CLANG_WARN_STRICT_PROTOTYPES = YES;
				CLANG_WARN_SUSPICIOUS_MOVE = YES;
				CLANG_WARN_UNGUARDED_AVAILABILITY = YES_AGGRESSIVE;
				CLANG_WARN_UNREACHABLE_CODE = YES;
				CLANG_WARN__DUPLICATE_METHOD_MATCH = YES;
				COPY_PHASE_STRIP = NO;
				DEBUG_INFORMATION_FORMAT = dwarf;
				ENABLE_STRICT_OBJC_MSGSEND = YES;
				ENABLE_TESTABILITY = YES;
				GCC_C_LANGUAGE_STANDARD = gnu11;
				GCC_DYNAMIC_NO_PIC = NO;
				GCC_NO_COMMON_BLOCKS = YES;
				GCC_OPTIMIZATION_LEVEL = 0;
				GCC_PREPROCESSOR_DEFINITIONS = (
					"DEBUG=1",
					"$(inherited)",
				);
				GCC_WARN_64_TO_32_BIT_CONVERSION = YES;
				GCC_WARN_ABOUT_RETURN_TYPE = YES_ERROR;
				GCC_WARN_UNDECLARED_SELECTOR = YES;
				GCC_WARN_UNINITIALIZED_AUTOS = YES_AGGRESSIVE;
				GCC_WARN_UNUSED_FUNCTION = YES;
				GCC_WARN_UNUSED_VARIABLE = YES;
				IPHONEOS_DEPLOYMENT_TARGET = 15.2;
				MTL_ENABLE_DEBUG_INFO = INCLUDE_SOURCE;
				MTL_FAST_MATH = YES;
				ONLY_ACTIVE_ARCH = YES;
				SDKROOT = iphoneos;
				SWIFT_ACTIVE_COMPILATION_CONDITIONS = DEBUG;
				SWIFT_OPTIMIZATION_LEVEL = "-Onone";
			};
			name = Debug;
		};
		53E50C8D27C01800000AA45F /* Release */ = {
			isa = XCBuildConfiguration;
			buildSettings = {
				ALWAYS_SEARCH_USER_PATHS = NO;
				CLANG_ANALYZER_NONNULL = YES;
				CLANG_ANALYZER_NUMBER_OBJECT_CONVERSION = YES_AGGRESSIVE;
				CLANG_CXX_LANGUAGE_STANDARD = "gnu++17";
				CLANG_CXX_LIBRARY = "libc++";
				CLANG_ENABLE_MODULES = YES;
				CLANG_ENABLE_OBJC_ARC = YES;
				CLANG_ENABLE_OBJC_WEAK = YES;
				CLANG_WARN_BLOCK_CAPTURE_AUTORELEASING = YES;
				CLANG_WARN_BOOL_CONVERSION = YES;
				CLANG_WARN_COMMA = YES;
				CLANG_WARN_CONSTANT_CONVERSION = YES;
				CLANG_WARN_DEPRECATED_OBJC_IMPLEMENTATIONS = YES;
				CLANG_WARN_DIRECT_OBJC_ISA_USAGE = YES_ERROR;
				CLANG_WARN_DOCUMENTATION_COMMENTS = YES;
				CLANG_WARN_EMPTY_BODY = YES;
				CLANG_WARN_ENUM_CONVERSION = YES;
				CLANG_WARN_INFINITE_RECURSION = YES;
				CLANG_WARN_INT_CONVERSION = YES;
				CLANG_WARN_NON_LITERAL_NULL_CONVERSION = YES;
				CLANG_WARN_OBJC_IMPLICIT_RETAIN_SELF = YES;
				CLANG_WARN_OBJC_LITERAL_CONVERSION = YES;
				CLANG_WARN_OBJC_ROOT_CLASS = YES_ERROR;
				CLANG_WARN_QUOTED_INCLUDE_IN_FRAMEWORK_HEADER = YES;
				CLANG_WARN_RANGE_LOOP_ANALYSIS = YES;
				CLANG_WARN_STRICT_PROTOTYPES = YES;
				CLANG_WARN_SUSPICIOUS_MOVE = YES;
				CLANG_WARN_UNGUARDED_AVAILABILITY = YES_AGGRESSIVE;
				CLANG_WARN_UNREACHABLE_CODE = YES;
				CLANG_WARN__DUPLICATE_METHOD_MATCH = YES;
				COPY_PHASE_STRIP = NO;
				DEBUG_INFORMATION_FORMAT = "dwarf-with-dsym";
				ENABLE_NS_ASSERTIONS = NO;
				ENABLE_STRICT_OBJC_MSGSEND = YES;
				GCC_C_LANGUAGE_STANDARD = gnu11;
				GCC_NO_COMMON_BLOCKS = YES;
				GCC_WARN_64_TO_32_BIT_CONVERSION = YES;
				GCC_WARN_ABOUT_RETURN_TYPE = YES_ERROR;
				GCC_WARN_UNDECLARED_SELECTOR = YES;
				GCC_WARN_UNINITIALIZED_AUTOS = YES_AGGRESSIVE;
				GCC_WARN_UNUSED_FUNCTION = YES;
				GCC_WARN_UNUSED_VARIABLE = YES;
				IPHONEOS_DEPLOYMENT_TARGET = 15.2;
				MTL_ENABLE_DEBUG_INFO = NO;
				MTL_FAST_MATH = YES;
				SDKROOT = iphoneos;
				SWIFT_COMPILATION_MODE = wholemodule;
				SWIFT_OPTIMIZATION_LEVEL = "-O";
				VALIDATE_PRODUCT = YES;
			};
			name = Release;
		};
		53E50C8F27C01800000AA45F /* Debug */ = {
			isa = XCBuildConfiguration;
			buildSettings = {
				ASSETCATALOG_COMPILER_APPICON_NAME = AppIcon;
				ASSETCATALOG_COMPILER_GLOBAL_ACCENT_COLOR_NAME = AccentColor;
				CODE_SIGN_STYLE = Automatic;
				CURRENT_PROJECT_VERSION = 1;
				DEVELOPMENT_TEAM = MJCK94CTT6;
				GENERATE_INFOPLIST_FILE = YES;
				INFOPLIST_FILE = Obento/Info.plist;
				INFOPLIST_KEY_NSCameraUsageDescription = "Obento use camera to read recipes";
				INFOPLIST_KEY_UIApplicationSupportsIndirectInputEvents = YES;
				INFOPLIST_KEY_UILaunchStoryboardName = LaunchScreen;
				INFOPLIST_KEY_UIStatusBarHidden = NO;
				INFOPLIST_KEY_UISupportedInterfaceOrientations = UIInterfaceOrientationPortrait;
				INFOPLIST_KEY_UISupportedInterfaceOrientations_iPad = "UIInterfaceOrientationPortrait UIInterfaceOrientationPortraitUpsideDown UIInterfaceOrientationLandscapeLeft UIInterfaceOrientationLandscapeRight";
				INFOPLIST_KEY_UISupportedInterfaceOrientations_iPhone = UIInterfaceOrientationPortrait;
				LD_RUNPATH_SEARCH_PATHS = (
					"$(inherited)",
					"@executable_path/Frameworks",
				);
				MARKETING_VERSION = 1.0;
				PRODUCT_BUNDLE_IDENTIFIER = com.tmi.Obento;
				PRODUCT_NAME = "$(TARGET_NAME)";
				SWIFT_EMIT_LOC_STRINGS = YES;
				SWIFT_VERSION = 5.0;
				TARGETED_DEVICE_FAMILY = 1;
			};
			name = Debug;
		};
		53E50C9027C01800000AA45F /* Release */ = {
			isa = XCBuildConfiguration;
			buildSettings = {
				ASSETCATALOG_COMPILER_APPICON_NAME = AppIcon;
				ASSETCATALOG_COMPILER_GLOBAL_ACCENT_COLOR_NAME = AccentColor;
				CODE_SIGN_STYLE = Automatic;
				CURRENT_PROJECT_VERSION = 1;
				DEVELOPMENT_TEAM = MJCK94CTT6;
				GENERATE_INFOPLIST_FILE = YES;
				INFOPLIST_FILE = Obento/Info.plist;
				INFOPLIST_KEY_NSCameraUsageDescription = "Obento use camera to read recipes";
				INFOPLIST_KEY_UIApplicationSupportsIndirectInputEvents = YES;
				INFOPLIST_KEY_UILaunchStoryboardName = LaunchScreen;
				INFOPLIST_KEY_UIStatusBarHidden = NO;
				INFOPLIST_KEY_UISupportedInterfaceOrientations = UIInterfaceOrientationPortrait;
				INFOPLIST_KEY_UISupportedInterfaceOrientations_iPad = "UIInterfaceOrientationPortrait UIInterfaceOrientationPortraitUpsideDown UIInterfaceOrientationLandscapeLeft UIInterfaceOrientationLandscapeRight";
				INFOPLIST_KEY_UISupportedInterfaceOrientations_iPhone = UIInterfaceOrientationPortrait;
				LD_RUNPATH_SEARCH_PATHS = (
					"$(inherited)",
					"@executable_path/Frameworks",
				);
				MARKETING_VERSION = 1.0;
				PRODUCT_BUNDLE_IDENTIFIER = com.tmi.Obento;
				PRODUCT_NAME = "$(TARGET_NAME)";
				SWIFT_EMIT_LOC_STRINGS = YES;
				SWIFT_VERSION = 5.0;
				TARGETED_DEVICE_FAMILY = 1;
			};
			name = Release;
		};
		53E50C9227C01800000AA45F /* Debug */ = {
			isa = XCBuildConfiguration;
			buildSettings = {
				ALWAYS_EMBED_SWIFT_STANDARD_LIBRARIES = YES;
				BUNDLE_LOADER = "$(TEST_HOST)";
				CODE_SIGN_STYLE = Automatic;
				CURRENT_PROJECT_VERSION = 1;
				DEVELOPMENT_TEAM = SUQAG7YT46;
				GENERATE_INFOPLIST_FILE = YES;
				IPHONEOS_DEPLOYMENT_TARGET = 15.2;
				MARKETING_VERSION = 1.0;
				PRODUCT_BUNDLE_IDENTIFIER = com.tmi.ObentoTests;
				PRODUCT_NAME = "$(TARGET_NAME)";
				SWIFT_EMIT_LOC_STRINGS = NO;
				SWIFT_VERSION = 5.0;
				TARGETED_DEVICE_FAMILY = "1,2";
				TEST_HOST = "$(BUILT_PRODUCTS_DIR)/Obento.app/Obento";
			};
			name = Debug;
		};
		53E50C9327C01800000AA45F /* Release */ = {
			isa = XCBuildConfiguration;
			buildSettings = {
				ALWAYS_EMBED_SWIFT_STANDARD_LIBRARIES = YES;
				BUNDLE_LOADER = "$(TEST_HOST)";
				CODE_SIGN_STYLE = Automatic;
				CURRENT_PROJECT_VERSION = 1;
				DEVELOPMENT_TEAM = SUQAG7YT46;
				GENERATE_INFOPLIST_FILE = YES;
				IPHONEOS_DEPLOYMENT_TARGET = 15.2;
				MARKETING_VERSION = 1.0;
				PRODUCT_BUNDLE_IDENTIFIER = com.tmi.ObentoTests;
				PRODUCT_NAME = "$(TARGET_NAME)";
				SWIFT_EMIT_LOC_STRINGS = NO;
				SWIFT_VERSION = 5.0;
				TARGETED_DEVICE_FAMILY = "1,2";
				TEST_HOST = "$(BUILT_PRODUCTS_DIR)/Obento.app/Obento";
			};
			name = Release;
		};
		53E50C9527C01800000AA45F /* Debug */ = {
			isa = XCBuildConfiguration;
			buildSettings = {
				ALWAYS_EMBED_SWIFT_STANDARD_LIBRARIES = YES;
				CODE_SIGN_STYLE = Automatic;
				CURRENT_PROJECT_VERSION = 1;
				DEVELOPMENT_TEAM = SUQAG7YT46;
				GENERATE_INFOPLIST_FILE = YES;
				MARKETING_VERSION = 1.0;
				PRODUCT_BUNDLE_IDENTIFIER = com.tmi.ObentoUITests;
				PRODUCT_NAME = "$(TARGET_NAME)";
				SWIFT_EMIT_LOC_STRINGS = NO;
				SWIFT_VERSION = 5.0;
				TARGETED_DEVICE_FAMILY = "1,2";
				TEST_TARGET_NAME = Obento;
			};
			name = Debug;
		};
		53E50C9627C01800000AA45F /* Release */ = {
			isa = XCBuildConfiguration;
			buildSettings = {
				ALWAYS_EMBED_SWIFT_STANDARD_LIBRARIES = YES;
				CODE_SIGN_STYLE = Automatic;
				CURRENT_PROJECT_VERSION = 1;
				DEVELOPMENT_TEAM = SUQAG7YT46;
				GENERATE_INFOPLIST_FILE = YES;
				MARKETING_VERSION = 1.0;
				PRODUCT_BUNDLE_IDENTIFIER = com.tmi.ObentoUITests;
				PRODUCT_NAME = "$(TARGET_NAME)";
				SWIFT_EMIT_LOC_STRINGS = NO;
				SWIFT_VERSION = 5.0;
				TARGETED_DEVICE_FAMILY = "1,2";
				TEST_TARGET_NAME = Obento;
			};
			name = Release;
		};
/* End XCBuildConfiguration section */

/* Begin XCConfigurationList section */
		53E50C5F27C017FF000AA45F /* Build configuration list for PBXProject "Obento" */ = {
			isa = XCConfigurationList;
			buildConfigurations = (
				53E50C8C27C01800000AA45F /* Debug */,
				53E50C8D27C01800000AA45F /* Release */,
			);
			defaultConfigurationIsVisible = 0;
			defaultConfigurationName = Release;
		};
		53E50C8E27C01800000AA45F /* Build configuration list for PBXNativeTarget "Obento" */ = {
			isa = XCConfigurationList;
			buildConfigurations = (
				53E50C8F27C01800000AA45F /* Debug */,
				53E50C9027C01800000AA45F /* Release */,
			);
			defaultConfigurationIsVisible = 0;
			defaultConfigurationName = Release;
		};
		53E50C9127C01800000AA45F /* Build configuration list for PBXNativeTarget "ObentoTests" */ = {
			isa = XCConfigurationList;
			buildConfigurations = (
				53E50C9227C01800000AA45F /* Debug */,
				53E50C9327C01800000AA45F /* Release */,
			);
			defaultConfigurationIsVisible = 0;
			defaultConfigurationName = Release;
		};
		53E50C9427C01800000AA45F /* Build configuration list for PBXNativeTarget "ObentoUITests" */ = {
			isa = XCConfigurationList;
			buildConfigurations = (
				53E50C9527C01800000AA45F /* Debug */,
				53E50C9627C01800000AA45F /* Release */,
			);
			defaultConfigurationIsVisible = 0;
			defaultConfigurationName = Release;
		};
/* End XCConfigurationList section */

/* Begin XCRemoteSwiftPackageReference section */
		1975D17227F3AC2B0015A54C /* XCRemoteSwiftPackageReference "AnyCodable" */ = {
			isa = XCRemoteSwiftPackageReference;
			repositoryURL = "https://github.com/Flight-School/AnyCodable";
			requirement = {
				kind = upToNextMajorVersion;
				minimumVersion = 0.6.3;
			};
		};
		1975D17927F3B4AF0015A54C /* XCRemoteSwiftPackageReference "Get" */ = {
			isa = XCRemoteSwiftPackageReference;
			repositoryURL = "https://github.com/kean/Get";
			requirement = {
				kind = upToNextMajorVersion;
				minimumVersion = 0.5.0;
			};
		};
/* End XCRemoteSwiftPackageReference section */
	};
	rootObject = 53E50C5C27C017FF000AA45F /* Project object */;
}
