// !$*UTF8*$!
{
	archiveVersion = 1;
	classes = {
	};
	objectVersion = 55;
	objects = {

/* Begin PBXBuildFile section */
		5327055A27D3988300394FFB /* TabBarController.swift in Sources */ = {isa = PBXBuildFile; fileRef = 5327055927D3988300394FFB /* TabBarController.swift */; };
		5327055C27D39B5100394FFB /* MenuViewController.swift in Sources */ = {isa = PBXBuildFile; fileRef = 5327055B27D39B5100394FFB /* MenuViewController.swift */; };
		5327055E27D39B5A00394FFB /* AddViewController.swift in Sources */ = {isa = PBXBuildFile; fileRef = 5327055D27D39B5A00394FFB /* AddViewController.swift */; };
		5327056027D39B6700394FFB /* CartViewController.swift in Sources */ = {isa = PBXBuildFile; fileRef = 5327055F27D39B6700394FFB /* CartViewController.swift */; };
		5327056227D39B8B00394FFB /* ProfileViewController.swift in Sources */ = {isa = PBXBuildFile; fileRef = 5327056127D39B8B00394FFB /* ProfileViewController.swift */; };
		532B6A9227DBBF6100277BF4 /* UIViewController+Extension.swift in Sources */ = {isa = PBXBuildFile; fileRef = 532B6A9127DBBF6100277BF4 /* UIViewController+Extension.swift */; };
		532B6A9427DBC12200277BF4 /* UserDefaults+Extension.swift in Sources */ = {isa = PBXBuildFile; fileRef = 532B6A9327DBC12200277BF4 /* UserDefaults+Extension.swift */; };
		532B6A9927DBDB9500277BF4 /* Recipe.swift in Sources */ = {isa = PBXBuildFile; fileRef = 532B6A9827DBDB9500277BF4 /* Recipe.swift */; };
		532B6A9B27DBDBF700277BF4 /* Ingredient.swift in Sources */ = {isa = PBXBuildFile; fileRef = 532B6A9A27DBDBF700277BF4 /* Ingredient.swift */; };
		532B6A9D27DBE3FA00277BF4 /* RecipeViewController.swift in Sources */ = {isa = PBXBuildFile; fileRef = 532B6A9C27DBE3FA00277BF4 /* RecipeViewController.swift */; };
		535A5C5D27DCF3CA00D52BDB /* PopularRecipesCollectionViewCell.swift in Sources */ = {isa = PBXBuildFile; fileRef = 535A5C5B27DCF3CA00D52BDB /* PopularRecipesCollectionViewCell.swift */; };
		535A5C5E27DCF3CA00D52BDB /* PopularRecipesCollectionViewCell.xib in Resources */ = {isa = PBXBuildFile; fileRef = 535A5C5C27DCF3CA00D52BDB /* PopularRecipesCollectionViewCell.xib */; };
		535E94DA27D453EC00C1A713 /* UIViex+Extension.swift in Sources */ = {isa = PBXBuildFile; fileRef = 535E94D927D453EC00C1A713 /* UIViex+Extension.swift */; };
		535E94DD27D454AB00C1A713 /* OnboardingSlide.swift in Sources */ = {isa = PBXBuildFile; fileRef = 535E94DC27D454AB00C1A713 /* OnboardingSlide.swift */; };
		535E94E827D4ECB700C1A713 /* OnboardingViewController.swift in Sources */ = {isa = PBXBuildFile; fileRef = 535E94E727D4ECB700C1A713 /* OnboardingViewController.swift */; };
		535E94EA27D4F32300C1A713 /* OnboardingCollectionViewCell.swift in Sources */ = {isa = PBXBuildFile; fileRef = 535E94E927D4F32300C1A713 /* OnboardingCollectionViewCell.swift */; };
		53ACED7827D417DF00C0FBF3 /* Main.storyboard in Resources */ = {isa = PBXBuildFile; fileRef = 53ACED7727D417DF00C0FBF3 /* Main.storyboard */; };
		53E50C6827C017FF000AA45F /* AppDelegate.swift in Sources */ = {isa = PBXBuildFile; fileRef = 53E50C6727C017FF000AA45F /* AppDelegate.swift */; };
		53E50C6A27C017FF000AA45F /* SceneDelegate.swift in Sources */ = {isa = PBXBuildFile; fileRef = 53E50C6927C017FF000AA45F /* SceneDelegate.swift */; };
		53E50C6C27C017FF000AA45F /* TodayViewController.swift in Sources */ = {isa = PBXBuildFile; fileRef = 53E50C6B27C017FF000AA45F /* TodayViewController.swift */; };
		53E50C7127C01800000AA45F /* Assets.xcassets in Resources */ = {isa = PBXBuildFile; fileRef = 53E50C7027C01800000AA45F /* Assets.xcassets */; };
		53E50C7427C01800000AA45F /* LaunchScreen.storyboard in Resources */ = {isa = PBXBuildFile; fileRef = 53E50C7227C01800000AA45F /* LaunchScreen.storyboard */; };
		53E50C7F27C01800000AA45F /* ObentoTests.swift in Sources */ = {isa = PBXBuildFile; fileRef = 53E50C7E27C01800000AA45F /* ObentoTests.swift */; };
		53E50C8927C01800000AA45F /* ObentoUITests.swift in Sources */ = {isa = PBXBuildFile; fileRef = 53E50C8827C01800000AA45F /* ObentoUITests.swift */; };
		53E50C8B27C01800000AA45F /* ObentoUITestsLaunchTests.swift in Sources */ = {isa = PBXBuildFile; fileRef = 53E50C8A27C01800000AA45F /* ObentoUITestsLaunchTests.swift */; };
/* End PBXBuildFile section */

/* Begin PBXContainerItemProxy section */
		53E50C7B27C01800000AA45F /* PBXContainerItemProxy */ = {
			isa = PBXContainerItemProxy;
			containerPortal = 53E50C5C27C017FF000AA45F /* Project object */;
			proxyType = 1;
			remoteGlobalIDString = 53E50C6327C017FF000AA45F;
			remoteInfo = Obento;
		};
		53E50C8527C01800000AA45F /* PBXContainerItemProxy */ = {
			isa = PBXContainerItemProxy;
			containerPortal = 53E50C5C27C017FF000AA45F /* Project object */;
			proxyType = 1;
			remoteGlobalIDString = 53E50C6327C017FF000AA45F;
			remoteInfo = Obento;
		};
/* End PBXContainerItemProxy section */

/* Begin PBXFileReference section */
		5327055927D3988300394FFB /* TabBarController.swift */ = {isa = PBXFileReference; lastKnownFileType = sourcecode.swift; path = TabBarController.swift; sourceTree = "<group>"; };
		5327055B27D39B5100394FFB /* MenuViewController.swift */ = {isa = PBXFileReference; lastKnownFileType = sourcecode.swift; path = MenuViewController.swift; sourceTree = "<group>"; };
		5327055D27D39B5A00394FFB /* AddViewController.swift */ = {isa = PBXFileReference; lastKnownFileType = sourcecode.swift; path = AddViewController.swift; sourceTree = "<group>"; };
		5327055F27D39B6700394FFB /* CartViewController.swift */ = {isa = PBXFileReference; lastKnownFileType = sourcecode.swift; path = CartViewController.swift; sourceTree = "<group>"; };
		5327056127D39B8B00394FFB /* ProfileViewController.swift */ = {isa = PBXFileReference; lastKnownFileType = sourcecode.swift; path = ProfileViewController.swift; sourceTree = "<group>"; };
		532B6A9127DBBF6100277BF4 /* UIViewController+Extension.swift */ = {isa = PBXFileReference; lastKnownFileType = sourcecode.swift; path = "UIViewController+Extension.swift"; sourceTree = "<group>"; };
		532B6A9327DBC12200277BF4 /* UserDefaults+Extension.swift */ = {isa = PBXFileReference; lastKnownFileType = sourcecode.swift; path = "UserDefaults+Extension.swift"; sourceTree = "<group>"; };
		532B6A9827DBDB9500277BF4 /* Recipe.swift */ = {isa = PBXFileReference; lastKnownFileType = sourcecode.swift; path = Recipe.swift; sourceTree = "<group>"; };
		532B6A9A27DBDBF700277BF4 /* Ingredient.swift */ = {isa = PBXFileReference; lastKnownFileType = sourcecode.swift; path = Ingredient.swift; sourceTree = "<group>"; };
		532B6A9C27DBE3FA00277BF4 /* RecipeViewController.swift */ = {isa = PBXFileReference; lastKnownFileType = sourcecode.swift; path = RecipeViewController.swift; sourceTree = "<group>"; };
		535A5C5B27DCF3CA00D52BDB /* PopularRecipesCollectionViewCell.swift */ = {isa = PBXFileReference; lastKnownFileType = sourcecode.swift; path = PopularRecipesCollectionViewCell.swift; sourceTree = "<group>"; };
		535A5C5C27DCF3CA00D52BDB /* PopularRecipesCollectionViewCell.xib */ = {isa = PBXFileReference; lastKnownFileType = file.xib; path = PopularRecipesCollectionViewCell.xib; sourceTree = "<group>"; };
		535E94D927D453EC00C1A713 /* UIViex+Extension.swift */ = {isa = PBXFileReference; lastKnownFileType = sourcecode.swift; path = "UIViex+Extension.swift"; sourceTree = "<group>"; };
		535E94DC27D454AB00C1A713 /* OnboardingSlide.swift */ = {isa = PBXFileReference; lastKnownFileType = sourcecode.swift; path = OnboardingSlide.swift; sourceTree = "<group>"; };
		535E94E727D4ECB700C1A713 /* OnboardingViewController.swift */ = {isa = PBXFileReference; lastKnownFileType = sourcecode.swift; path = OnboardingViewController.swift; sourceTree = "<group>"; };
		535E94E927D4F32300C1A713 /* OnboardingCollectionViewCell.swift */ = {isa = PBXFileReference; lastKnownFileType = sourcecode.swift; path = OnboardingCollectionViewCell.swift; sourceTree = "<group>"; };
		53ACED7727D417DF00C0FBF3 /* Main.storyboard */ = {isa = PBXFileReference; lastKnownFileType = file.storyboard; path = Main.storyboard; sourceTree = "<group>"; };
		53E50C6427C017FF000AA45F /* Obento.app */ = {isa = PBXFileReference; explicitFileType = wrapper.application; includeInIndex = 0; path = Obento.app; sourceTree = BUILT_PRODUCTS_DIR; };
		53E50C6727C017FF000AA45F /* AppDelegate.swift */ = {isa = PBXFileReference; lastKnownFileType = sourcecode.swift; path = AppDelegate.swift; sourceTree = "<group>"; };
		53E50C6927C017FF000AA45F /* SceneDelegate.swift */ = {isa = PBXFileReference; lastKnownFileType = sourcecode.swift; path = SceneDelegate.swift; sourceTree = "<group>"; };
		53E50C6B27C017FF000AA45F /* TodayViewController.swift */ = {isa = PBXFileReference; lastKnownFileType = sourcecode.swift; path = TodayViewController.swift; sourceTree = "<group>"; };
		53E50C7027C01800000AA45F /* Assets.xcassets */ = {isa = PBXFileReference; lastKnownFileType = folder.assetcatalog; path = Assets.xcassets; sourceTree = "<group>"; };
		53E50C7327C01800000AA45F /* Base */ = {isa = PBXFileReference; lastKnownFileType = file.storyboard; name = Base; path = Base.lproj/LaunchScreen.storyboard; sourceTree = "<group>"; };
		53E50C7527C01800000AA45F /* Info.plist */ = {isa = PBXFileReference; lastKnownFileType = text.plist.xml; path = Info.plist; sourceTree = "<group>"; };
		53E50C7A27C01800000AA45F /* ObentoTests.xctest */ = {isa = PBXFileReference; explicitFileType = wrapper.cfbundle; includeInIndex = 0; path = ObentoTests.xctest; sourceTree = BUILT_PRODUCTS_DIR; };
		53E50C7E27C01800000AA45F /* ObentoTests.swift */ = {isa = PBXFileReference; lastKnownFileType = sourcecode.swift; path = ObentoTests.swift; sourceTree = "<group>"; };
		53E50C8427C01800000AA45F /* ObentoUITests.xctest */ = {isa = PBXFileReference; explicitFileType = wrapper.cfbundle; includeInIndex = 0; path = ObentoUITests.xctest; sourceTree = BUILT_PRODUCTS_DIR; };
		53E50C8827C01800000AA45F /* ObentoUITests.swift */ = {isa = PBXFileReference; lastKnownFileType = sourcecode.swift; path = ObentoUITests.swift; sourceTree = "<group>"; };
		53E50C8A27C01800000AA45F /* ObentoUITestsLaunchTests.swift */ = {isa = PBXFileReference; lastKnownFileType = sourcecode.swift; path = ObentoUITestsLaunchTests.swift; sourceTree = "<group>"; };
/* End PBXFileReference section */

/* Begin PBXFrameworksBuildPhase section */
		53E50C6127C017FF000AA45F /* Frameworks */ = {
			isa = PBXFrameworksBuildPhase;
			buildActionMask = 2147483647;
			files = (
			);
			runOnlyForDeploymentPostprocessing = 0;
		};
		53E50C7727C01800000AA45F /* Frameworks */ = {
			isa = PBXFrameworksBuildPhase;
			buildActionMask = 2147483647;
			files = (
			);
			runOnlyForDeploymentPostprocessing = 0;
		};
		53E50C8127C01800000AA45F /* Frameworks */ = {
			isa = PBXFrameworksBuildPhase;
			buildActionMask = 2147483647;
			files = (
			);
			runOnlyForDeploymentPostprocessing = 0;
		};
/* End PBXFrameworksBuildPhase section */

/* Begin PBXGroup section */
		532B6A9E27DCB12200277BF4 /* CollectionViewCells */ = {
			isa = PBXGroup;
			children = (
				535A5C5A27DCF39400D52BDB /* PopularRecipesViewCell */,
			);
			path = CollectionViewCells;
			sourceTree = "<group>";
		};
		535A5C5A27DCF39400D52BDB /* PopularRecipesViewCell */ = {
			isa = PBXGroup;
			children = (
				535A5C5B27DCF3CA00D52BDB /* PopularRecipesCollectionViewCell.swift */,
				535A5C5C27DCF3CA00D52BDB /* PopularRecipesCollectionViewCell.xib */,
			);
			path = PopularRecipesViewCell;
			sourceTree = "<group>";
		};
		535E94D827D453D800C1A713 /* Extensions */ = {
			isa = PBXGroup;
			children = (
				535E94D927D453EC00C1A713 /* UIViex+Extension.swift */,
				532B6A9127DBBF6100277BF4 /* UIViewController+Extension.swift */,
				532B6A9327DBC12200277BF4 /* UserDefaults+Extension.swift */,
			);
			path = Extensions;
			sourceTree = "<group>";
		};
		535E94DB27D4549500C1A713 /* Models */ = {
			isa = PBXGroup;
			children = (
				535E94DC27D454AB00C1A713 /* OnboardingSlide.swift */,
				532B6A9827DBDB9500277BF4 /* Recipe.swift */,
				532B6A9A27DBDBF700277BF4 /* Ingredient.swift */,
			);
			path = Models;
			sourceTree = "<group>";
		};
		535E94E127D45DBD00C1A713 /* Views */ = {
			isa = PBXGroup;
			children = (
				532B6A9E27DCB12200277BF4 /* CollectionViewCells */,
				535E94E627D4E9E700C1A713 /* Onboarding */,
				53E50C6B27C017FF000AA45F /* TodayViewController.swift */,
				5327055B27D39B5100394FFB /* MenuViewController.swift */,
				5327055D27D39B5A00394FFB /* AddViewController.swift */,
				5327055F27D39B6700394FFB /* CartViewController.swift */,
				5327056127D39B8B00394FFB /* ProfileViewController.swift */,
				532B6A9C27DBE3FA00277BF4 /* RecipeViewController.swift */,
			);
			path = Views;
			sourceTree = "<group>";
		};
		535E94E627D4E9E700C1A713 /* Onboarding */ = {
			isa = PBXGroup;
			children = (
				535E94E727D4ECB700C1A713 /* OnboardingViewController.swift */,
				535E94E927D4F32300C1A713 /* OnboardingCollectionViewCell.swift */,
			);
			path = Onboarding;
			sourceTree = "<group>";
		};
		53E50C5B27C017FF000AA45F = {
			isa = PBXGroup;
			children = (
				53E50C6627C017FF000AA45F /* Obento */,
				53E50C7D27C01800000AA45F /* ObentoTests */,
				53E50C8727C01800000AA45F /* ObentoUITests */,
				53E50C6527C017FF000AA45F /* Products */,
			);
			sourceTree = "<group>";
		};
		53E50C6527C017FF000AA45F /* Products */ = {
			isa = PBXGroup;
			children = (
				53E50C6427C017FF000AA45F /* Obento.app */,
				53E50C7A27C01800000AA45F /* ObentoTests.xctest */,
				53E50C8427C01800000AA45F /* ObentoUITests.xctest */,
			);
			name = Products;
			sourceTree = "<group>";
		};
		53E50C6627C017FF000AA45F /* Obento */ = {
			isa = PBXGroup;
			children = (
				535E94D827D453D800C1A713 /* Extensions */,
				535E94E127D45DBD00C1A713 /* Views */,
				535E94DB27D4549500C1A713 /* Models */,
				53E50C6727C017FF000AA45F /* AppDelegate.swift */,
				53E50C6927C017FF000AA45F /* SceneDelegate.swift */,
				5327055927D3988300394FFB /* TabBarController.swift */,
				53ACED7727D417DF00C0FBF3 /* Main.storyboard */,
				53E50C7227C01800000AA45F /* LaunchScreen.storyboard */,
				53E50C7027C01800000AA45F /* Assets.xcassets */,
				53E50C7527C01800000AA45F /* Info.plist */,
			);
			path = Obento;
			sourceTree = "<group>";
		};
		53E50C7D27C01800000AA45F /* ObentoTests */ = {
			isa = PBXGroup;
			children = (
				53E50C7E27C01800000AA45F /* ObentoTests.swift */,
			);
			path = ObentoTests;
			sourceTree = "<group>";
		};
		53E50C8727C01800000AA45F /* ObentoUITests */ = {
			isa = PBXGroup;
			children = (
				53E50C8827C01800000AA45F /* ObentoUITests.swift */,
				53E50C8A27C01800000AA45F /* ObentoUITestsLaunchTests.swift */,
			);
			path = ObentoUITests;
			sourceTree = "<group>";
		};
/* End PBXGroup section */

/* Begin PBXNativeTarget section */
		53E50C6327C017FF000AA45F /* Obento */ = {
			isa = PBXNativeTarget;
			buildConfigurationList = 53E50C8E27C01800000AA45F /* Build configuration list for PBXNativeTarget "Obento" */;
			buildPhases = (
				53E50C6027C017FF000AA45F /* Sources */,
				53E50C6127C017FF000AA45F /* Frameworks */,
				53E50C6227C017FF000AA45F /* Resources */,
			);
			buildRules = (
			);
			dependencies = (
			);
			name = Obento;
			productName = Obento;
			productReference = 53E50C6427C017FF000AA45F /* Obento.app */;
			productType = "com.apple.product-type.application";
		};
		53E50C7927C01800000AA45F /* ObentoTests */ = {
			isa = PBXNativeTarget;
			buildConfigurationList = 53E50C9127C01800000AA45F /* Build configuration list for PBXNativeTarget "ObentoTests" */;
			buildPhases = (
				53E50C7627C01800000AA45F /* Sources */,
				53E50C7727C01800000AA45F /* Frameworks */,
				53E50C7827C01800000AA45F /* Resources */,
			);
			buildRules = (
			);
			dependencies = (
				53E50C7C27C01800000AA45F /* PBXTargetDependency */,
			);
			name = ObentoTests;
			productName = ObentoTests;
			productReference = 53E50C7A27C01800000AA45F /* ObentoTests.xctest */;
			productType = "com.apple.product-type.bundle.unit-test";
		};
		53E50C8327C01800000AA45F /* ObentoUITests */ = {
			isa = PBXNativeTarget;
			buildConfigurationList = 53E50C9427C01800000AA45F /* Build configuration list for PBXNativeTarget "ObentoUITests" */;
			buildPhases = (
				53E50C8027C01800000AA45F /* Sources */,
				53E50C8127C01800000AA45F /* Frameworks */,
				53E50C8227C01800000AA45F /* Resources */,
			);
			buildRules = (
			);
			dependencies = (
				53E50C8627C01800000AA45F /* PBXTargetDependency */,
			);
			name = ObentoUITests;
			productName = ObentoUITests;
			productReference = 53E50C8427C01800000AA45F /* ObentoUITests.xctest */;
			productType = "com.apple.product-type.bundle.ui-testing";
		};
/* End PBXNativeTarget section */

/* Begin PBXProject section */
		53E50C5C27C017FF000AA45F /* Project object */ = {
			isa = PBXProject;
			attributes = {
				BuildIndependentTargetsInParallel = 1;
				KnownAssetTags = (
					0,
				);
				LastSwiftUpdateCheck = 1320;
				LastUpgradeCheck = 1320;
				TargetAttributes = {
					53E50C6327C017FF000AA45F = {
						CreatedOnToolsVersion = 13.2.1;
					};
					53E50C7927C01800000AA45F = {
						CreatedOnToolsVersion = 13.2.1;
						TestTargetID = 53E50C6327C017FF000AA45F;
					};
					53E50C8327C01800000AA45F = {
						CreatedOnToolsVersion = 13.2.1;
						TestTargetID = 53E50C6327C017FF000AA45F;
					};
				};
			};
			buildConfigurationList = 53E50C5F27C017FF000AA45F /* Build configuration list for PBXProject "Obento" */;
			compatibilityVersion = "Xcode 13.0";
			developmentRegion = en;
			hasScannedForEncodings = 0;
			knownRegions = (
				en,
				Base,
			);
			mainGroup = 53E50C5B27C017FF000AA45F;
			productRefGroup = 53E50C6527C017FF000AA45F /* Products */;
			projectDirPath = "";
			projectRoot = "";
			targets = (
				53E50C6327C017FF000AA45F /* Obento */,
				53E50C7927C01800000AA45F /* ObentoTests */,
				53E50C8327C01800000AA45F /* ObentoUITests */,
			);
		};
/* End PBXProject section */

/* Begin PBXResourcesBuildPhase section */
		53E50C6227C017FF000AA45F /* Resources */ = {
			isa = PBXResourcesBuildPhase;
			buildActionMask = 2147483647;
			files = (
				53E50C7427C01800000AA45F /* LaunchScreen.storyboard in Resources */,
				53E50C7127C01800000AA45F /* Assets.xcassets in Resources */,
				535A5C5E27DCF3CA00D52BDB /* PopularRecipesCollectionViewCell.xib in Resources */,
				53ACED7827D417DF00C0FBF3 /* Main.storyboard in Resources */,
			);
			runOnlyForDeploymentPostprocessing = 0;
		};
		53E50C7827C01800000AA45F /* Resources */ = {
			isa = PBXResourcesBuildPhase;
			buildActionMask = 2147483647;
			files = (
			);
			runOnlyForDeploymentPostprocessing = 0;
		};
		53E50C8227C01800000AA45F /* Resources */ = {
			isa = PBXResourcesBuildPhase;
			buildActionMask = 2147483647;
			files = (
			);
			runOnlyForDeploymentPostprocessing = 0;
		};
/* End PBXResourcesBuildPhase section */

/* Begin PBXSourcesBuildPhase section */
		53E50C6027C017FF000AA45F /* Sources */ = {
			isa = PBXSourcesBuildPhase;
			buildActionMask = 2147483647;
			files = (
				535E94E827D4ECB700C1A713 /* OnboardingViewController.swift in Sources */,
				532B6A9227DBBF6100277BF4 /* UIViewController+Extension.swift in Sources */,
				53E50C6C27C017FF000AA45F /* TodayViewController.swift in Sources */,
				532B6A9D27DBE3FA00277BF4 /* RecipeViewController.swift in Sources */,
				5327055C27D39B5100394FFB /* MenuViewController.swift in Sources */,
				532B6A9B27DBDBF700277BF4 /* Ingredient.swift in Sources */,
				5327056027D39B6700394FFB /* CartViewController.swift in Sources */,
				532B6A9927DBDB9500277BF4 /* Recipe.swift in Sources */,
				535E94EA27D4F32300C1A713 /* OnboardingCollectionViewCell.swift in Sources */,
				532B6A9427DBC12200277BF4 /* UserDefaults+Extension.swift in Sources */,
				535A5C5D27DCF3CA00D52BDB /* PopularRecipesCollectionViewCell.swift in Sources */,
				5327055E27D39B5A00394FFB /* AddViewController.swift in Sources */,
				5327055A27D3988300394FFB /* TabBarController.swift in Sources */,
				53E50C6827C017FF000AA45F /* AppDelegate.swift in Sources */,
				5327056227D39B8B00394FFB /* ProfileViewController.swift in Sources */,
				535E94DA27D453EC00C1A713 /* UIViex+Extension.swift in Sources */,
				53E50C6A27C017FF000AA45F /* SceneDelegate.swift in Sources */,
				535E94DD27D454AB00C1A713 /* OnboardingSlide.swift in Sources */,
			);
			runOnlyForDeploymentPostprocessing = 0;
		};
		53E50C7627C01800000AA45F /* Sources */ = {
			isa = PBXSourcesBuildPhase;
			buildActionMask = 2147483647;
			files = (
				53E50C7F27C01800000AA45F /* ObentoTests.swift in Sources */,
			);
			runOnlyForDeploymentPostprocessing = 0;
		};
		53E50C8027C01800000AA45F /* Sources */ = {
			isa = PBXSourcesBuildPhase;
			buildActionMask = 2147483647;
			files = (
				53E50C8927C01800000AA45F /* ObentoUITests.swift in Sources */,
				53E50C8B27C01800000AA45F /* ObentoUITestsLaunchTests.swift in Sources */,
			);
			runOnlyForDeploymentPostprocessing = 0;
		};
/* End PBXSourcesBuildPhase section */

/* Begin PBXTargetDependency section */
		53E50C7C27C01800000AA45F /* PBXTargetDependency */ = {
			isa = PBXTargetDependency;
			target = 53E50C6327C017FF000AA45F /* Obento */;
			targetProxy = 53E50C7B27C01800000AA45F /* PBXContainerItemProxy */;
		};
		53E50C8627C01800000AA45F /* PBXTargetDependency */ = {
			isa = PBXTargetDependency;
			target = 53E50C6327C017FF000AA45F /* Obento */;
			targetProxy = 53E50C8527C01800000AA45F /* PBXContainerItemProxy */;
		};
/* End PBXTargetDependency section */

/* Begin PBXVariantGroup section */
		53E50C7227C01800000AA45F /* LaunchScreen.storyboard */ = {
			isa = PBXVariantGroup;
			children = (
				53E50C7327C01800000AA45F /* Base */,
			);
			name = LaunchScreen.storyboard;
			sourceTree = "<group>";
		};
/* End PBXVariantGroup section */

/* Begin XCBuildConfiguration section */
		53E50C8C27C01800000AA45F /* Debug */ = {
			isa = XCBuildConfiguration;
			buildSettings = {
				ALWAYS_SEARCH_USER_PATHS = NO;
				CLANG_ANALYZER_NONNULL = YES;
				CLANG_ANALYZER_NUMBER_OBJECT_CONVERSION = YES_AGGRESSIVE;
				CLANG_CXX_LANGUAGE_STANDARD = "gnu++17";
				CLANG_CXX_LIBRARY = "libc++";
				CLANG_ENABLE_MODULES = YES;
				CLANG_ENABLE_OBJC_ARC = YES;
				CLANG_ENABLE_OBJC_WEAK = YES;
				CLANG_WARN_BLOCK_CAPTURE_AUTORELEASING = YES;
				CLANG_WARN_BOOL_CONVERSION = YES;
				CLANG_WARN_COMMA = YES;
				CLANG_WARN_CONSTANT_CONVERSION = YES;
				CLANG_WARN_DEPRECATED_OBJC_IMPLEMENTATIONS = YES;
				CLANG_WARN_DIRECT_OBJC_ISA_USAGE = YES_ERROR;
				CLANG_WARN_DOCUMENTATION_COMMENTS = YES;
				CLANG_WARN_EMPTY_BODY = YES;
				CLANG_WARN_ENUM_CONVERSION = YES;
				CLANG_WARN_INFINITE_RECURSION = YES;
				CLANG_WARN_INT_CONVERSION = YES;
				CLANG_WARN_NON_LITERAL_NULL_CONVERSION = YES;
				CLANG_WARN_OBJC_IMPLICIT_RETAIN_SELF = YES;
				CLANG_WARN_OBJC_LITERAL_CONVERSION = YES;
				CLANG_WARN_OBJC_ROOT_CLASS = YES_ERROR;
				CLANG_WARN_QUOTED_INCLUDE_IN_FRAMEWORK_HEADER = YES;
				CLANG_WARN_RANGE_LOOP_ANALYSIS = YES;
				CLANG_WARN_STRICT_PROTOTYPES = YES;
				CLANG_WARN_SUSPICIOUS_MOVE = YES;
				CLANG_WARN_UNGUARDED_AVAILABILITY = YES_AGGRESSIVE;
				CLANG_WARN_UNREACHABLE_CODE = YES;
				CLANG_WARN__DUPLICATE_METHOD_MATCH = YES;
				COPY_PHASE_STRIP = NO;
				DEBUG_INFORMATION_FORMAT = dwarf;
				ENABLE_STRICT_OBJC_MSGSEND = YES;
				ENABLE_TESTABILITY = YES;
				GCC_C_LANGUAGE_STANDARD = gnu11;
				GCC_DYNAMIC_NO_PIC = NO;
				GCC_NO_COMMON_BLOCKS = YES;
				GCC_OPTIMIZATION_LEVEL = 0;
				GCC_PREPROCESSOR_DEFINITIONS = (
					"DEBUG=1",
					"$(inherited)",
				);
				GCC_WARN_64_TO_32_BIT_CONVERSION = YES;
				GCC_WARN_ABOUT_RETURN_TYPE = YES_ERROR;
				GCC_WARN_UNDECLARED_SELECTOR = YES;
				GCC_WARN_UNINITIALIZED_AUTOS = YES_AGGRESSIVE;
				GCC_WARN_UNUSED_FUNCTION = YES;
				GCC_WARN_UNUSED_VARIABLE = YES;
				IPHONEOS_DEPLOYMENT_TARGET = 15.2;
				MTL_ENABLE_DEBUG_INFO = INCLUDE_SOURCE;
				MTL_FAST_MATH = YES;
				ONLY_ACTIVE_ARCH = YES;
				SDKROOT = iphoneos;
				SWIFT_ACTIVE_COMPILATION_CONDITIONS = DEBUG;
				SWIFT_OPTIMIZATION_LEVEL = "-Onone";
			};
			name = Debug;
		};
		53E50C8D27C01800000AA45F /* Release */ = {
			isa = XCBuildConfiguration;
			buildSettings = {
				ALWAYS_SEARCH_USER_PATHS = NO;
				CLANG_ANALYZER_NONNULL = YES;
				CLANG_ANALYZER_NUMBER_OBJECT_CONVERSION = YES_AGGRESSIVE;
				CLANG_CXX_LANGUAGE_STANDARD = "gnu++17";
				CLANG_CXX_LIBRARY = "libc++";
				CLANG_ENABLE_MODULES = YES;
				CLANG_ENABLE_OBJC_ARC = YES;
				CLANG_ENABLE_OBJC_WEAK = YES;
				CLANG_WARN_BLOCK_CAPTURE_AUTORELEASING = YES;
				CLANG_WARN_BOOL_CONVERSION = YES;
				CLANG_WARN_COMMA = YES;
				CLANG_WARN_CONSTANT_CONVERSION = YES;
				CLANG_WARN_DEPRECATED_OBJC_IMPLEMENTATIONS = YES;
				CLANG_WARN_DIRECT_OBJC_ISA_USAGE = YES_ERROR;
				CLANG_WARN_DOCUMENTATION_COMMENTS = YES;
				CLANG_WARN_EMPTY_BODY = YES;
				CLANG_WARN_ENUM_CONVERSION = YES;
				CLANG_WARN_INFINITE_RECURSION = YES;
				CLANG_WARN_INT_CONVERSION = YES;
				CLANG_WARN_NON_LITERAL_NULL_CONVERSION = YES;
				CLANG_WARN_OBJC_IMPLICIT_RETAIN_SELF = YES;
				CLANG_WARN_OBJC_LITERAL_CONVERSION = YES;
				CLANG_WARN_OBJC_ROOT_CLASS = YES_ERROR;
				CLANG_WARN_QUOTED_INCLUDE_IN_FRAMEWORK_HEADER = YES;
				CLANG_WARN_RANGE_LOOP_ANALYSIS = YES;
				CLANG_WARN_STRICT_PROTOTYPES = YES;
				CLANG_WARN_SUSPICIOUS_MOVE = YES;
				CLANG_WARN_UNGUARDED_AVAILABILITY = YES_AGGRESSIVE;
				CLANG_WARN_UNREACHABLE_CODE = YES;
				CLANG_WARN__DUPLICATE_METHOD_MATCH = YES;
				COPY_PHASE_STRIP = NO;
				DEBUG_INFORMATION_FORMAT = "dwarf-with-dsym";
				ENABLE_NS_ASSERTIONS = NO;
				ENABLE_STRICT_OBJC_MSGSEND = YES;
				GCC_C_LANGUAGE_STANDARD = gnu11;
				GCC_NO_COMMON_BLOCKS = YES;
				GCC_WARN_64_TO_32_BIT_CONVERSION = YES;
				GCC_WARN_ABOUT_RETURN_TYPE = YES_ERROR;
				GCC_WARN_UNDECLARED_SELECTOR = YES;
				GCC_WARN_UNINITIALIZED_AUTOS = YES_AGGRESSIVE;
				GCC_WARN_UNUSED_FUNCTION = YES;
				GCC_WARN_UNUSED_VARIABLE = YES;
				IPHONEOS_DEPLOYMENT_TARGET = 15.2;
				MTL_ENABLE_DEBUG_INFO = NO;
				MTL_FAST_MATH = YES;
				SDKROOT = iphoneos;
				SWIFT_COMPILATION_MODE = wholemodule;
				SWIFT_OPTIMIZATION_LEVEL = "-O";
				VALIDATE_PRODUCT = YES;
			};
			name = Release;
		};
		53E50C8F27C01800000AA45F /* Debug */ = {
			isa = XCBuildConfiguration;
			buildSettings = {
				ASSETCATALOG_COMPILER_APPICON_NAME = AppIcon;
				ASSETCATALOG_COMPILER_GLOBAL_ACCENT_COLOR_NAME = AccentColor;
				CODE_SIGN_STYLE = Automatic;
				CURRENT_PROJECT_VERSION = 1;
				DEVELOPMENT_TEAM = SUQAG7YT46;
				GENERATE_INFOPLIST_FILE = YES;
				INFOPLIST_FILE = Obento/Info.plist;
				INFOPLIST_KEY_UIApplicationSupportsIndirectInputEvents = YES;
				INFOPLIST_KEY_UILaunchStoryboardName = LaunchScreen;
				INFOPLIST_KEY_UIStatusBarHidden = NO;
				INFOPLIST_KEY_UISupportedInterfaceOrientations = UIInterfaceOrientationPortrait;
				INFOPLIST_KEY_UISupportedInterfaceOrientations_iPad = "UIInterfaceOrientationPortrait UIInterfaceOrientationPortraitUpsideDown UIInterfaceOrientationLandscapeLeft UIInterfaceOrientationLandscapeRight";
				INFOPLIST_KEY_UISupportedInterfaceOrientations_iPhone = UIInterfaceOrientationPortrait;
				LD_RUNPATH_SEARCH_PATHS = (
					"$(inherited)",
					"@executable_path/Frameworks",
				);
				MARKETING_VERSION = 1.0;
				PRODUCT_BUNDLE_IDENTIFIER = com.tmi.Obento;
				PRODUCT_NAME = "$(TARGET_NAME)";
				SWIFT_EMIT_LOC_STRINGS = YES;
				SWIFT_VERSION = 5.0;
				TARGETED_DEVICE_FAMILY = 1;
			};
			name = Debug;
		};
		53E50C9027C01800000AA45F /* Release */ = {
			isa = XCBuildConfiguration;
			buildSettings = {
				ASSETCATALOG_COMPILER_APPICON_NAME = AppIcon;
				ASSETCATALOG_COMPILER_GLOBAL_ACCENT_COLOR_NAME = AccentColor;
				CODE_SIGN_STYLE = Automatic;
				CURRENT_PROJECT_VERSION = 1;
				DEVELOPMENT_TEAM = SUQAG7YT46;
				GENERATE_INFOPLIST_FILE = YES;
				INFOPLIST_FILE = Obento/Info.plist;
				INFOPLIST_KEY_UIApplicationSupportsIndirectInputEvents = YES;
				INFOPLIST_KEY_UILaunchStoryboardName = LaunchScreen;
				INFOPLIST_KEY_UIStatusBarHidden = NO;
				INFOPLIST_KEY_UISupportedInterfaceOrientations = UIInterfaceOrientationPortrait;
				INFOPLIST_KEY_UISupportedInterfaceOrientations_iPad = "UIInterfaceOrientationPortrait UIInterfaceOrientationPortraitUpsideDown UIInterfaceOrientationLandscapeLeft UIInterfaceOrientationLandscapeRight";
				INFOPLIST_KEY_UISupportedInterfaceOrientations_iPhone = UIInterfaceOrientationPortrait;
				LD_RUNPATH_SEARCH_PATHS = (
					"$(inherited)",
					"@executable_path/Frameworks",
				);
				MARKETING_VERSION = 1.0;
				PRODUCT_BUNDLE_IDENTIFIER = com.tmi.Obento;
				PRODUCT_NAME = "$(TARGET_NAME)";
				SWIFT_EMIT_LOC_STRINGS = YES;
				SWIFT_VERSION = 5.0;
				TARGETED_DEVICE_FAMILY = 1;
			};
			name = Release;
		};
		53E50C9227C01800000AA45F /* Debug */ = {
			isa = XCBuildConfiguration;
			buildSettings = {
				ALWAYS_EMBED_SWIFT_STANDARD_LIBRARIES = YES;
				BUNDLE_LOADER = "$(TEST_HOST)";
				CODE_SIGN_STYLE = Automatic;
				CURRENT_PROJECT_VERSION = 1;
				DEVELOPMENT_TEAM = SUQAG7YT46;
				GENERATE_INFOPLIST_FILE = YES;
				IPHONEOS_DEPLOYMENT_TARGET = 15.2;
				MARKETING_VERSION = 1.0;
				PRODUCT_BUNDLE_IDENTIFIER = com.tmi.ObentoTests;
				PRODUCT_NAME = "$(TARGET_NAME)";
				SWIFT_EMIT_LOC_STRINGS = NO;
				SWIFT_VERSION = 5.0;
				TARGETED_DEVICE_FAMILY = "1,2";
				TEST_HOST = "$(BUILT_PRODUCTS_DIR)/Obento.app/Obento";
			};
			name = Debug;
		};
		53E50C9327C01800000AA45F /* Release */ = {
			isa = XCBuildConfiguration;
			buildSettings = {
				ALWAYS_EMBED_SWIFT_STANDARD_LIBRARIES = YES;
				BUNDLE_LOADER = "$(TEST_HOST)";
				CODE_SIGN_STYLE = Automatic;
				CURRENT_PROJECT_VERSION = 1;
				DEVELOPMENT_TEAM = SUQAG7YT46;
				GENERATE_INFOPLIST_FILE = YES;
				IPHONEOS_DEPLOYMENT_TARGET = 15.2;
				MARKETING_VERSION = 1.0;
				PRODUCT_BUNDLE_IDENTIFIER = com.tmi.ObentoTests;
				PRODUCT_NAME = "$(TARGET_NAME)";
				SWIFT_EMIT_LOC_STRINGS = NO;
				SWIFT_VERSION = 5.0;
				TARGETED_DEVICE_FAMILY = "1,2";
				TEST_HOST = "$(BUILT_PRODUCTS_DIR)/Obento.app/Obento";
			};
			name = Release;
		};
		53E50C9527C01800000AA45F /* Debug */ = {
			isa = XCBuildConfiguration;
			buildSettings = {
				ALWAYS_EMBED_SWIFT_STANDARD_LIBRARIES = YES;
				CODE_SIGN_STYLE = Automatic;
				CURRENT_PROJECT_VERSION = 1;
				DEVELOPMENT_TEAM = SUQAG7YT46;
				GENERATE_INFOPLIST_FILE = YES;
				MARKETING_VERSION = 1.0;
				PRODUCT_BUNDLE_IDENTIFIER = com.tmi.ObentoUITests;
				PRODUCT_NAME = "$(TARGET_NAME)";
				SWIFT_EMIT_LOC_STRINGS = NO;
				SWIFT_VERSION = 5.0;
				TARGETED_DEVICE_FAMILY = "1,2";
				TEST_TARGET_NAME = Obento;
			};
			name = Debug;
		};
		53E50C9627C01800000AA45F /* Release */ = {
			isa = XCBuildConfiguration;
			buildSettings = {
				ALWAYS_EMBED_SWIFT_STANDARD_LIBRARIES = YES;
				CODE_SIGN_STYLE = Automatic;
				CURRENT_PROJECT_VERSION = 1;
				DEVELOPMENT_TEAM = SUQAG7YT46;
				GENERATE_INFOPLIST_FILE = YES;
				MARKETING_VERSION = 1.0;
				PRODUCT_BUNDLE_IDENTIFIER = com.tmi.ObentoUITests;
				PRODUCT_NAME = "$(TARGET_NAME)";
				SWIFT_EMIT_LOC_STRINGS = NO;
				SWIFT_VERSION = 5.0;
				TARGETED_DEVICE_FAMILY = "1,2";
				TEST_TARGET_NAME = Obento;
			};
			name = Release;
		};
/* End XCBuildConfiguration section */

/* Begin XCConfigurationList section */
		53E50C5F27C017FF000AA45F /* Build configuration list for PBXProject "Obento" */ = {
			isa = XCConfigurationList;
			buildConfigurations = (
				53E50C8C27C01800000AA45F /* Debug */,
				53E50C8D27C01800000AA45F /* Release */,
			);
			defaultConfigurationIsVisible = 0;
			defaultConfigurationName = Release;
		};
		53E50C8E27C01800000AA45F /* Build configuration list for PBXNativeTarget "Obento" */ = {
			isa = XCConfigurationList;
			buildConfigurations = (
				53E50C8F27C01800000AA45F /* Debug */,
				53E50C9027C01800000AA45F /* Release */,
			);
			defaultConfigurationIsVisible = 0;
			defaultConfigurationName = Release;
		};
		53E50C9127C01800000AA45F /* Build configuration list for PBXNativeTarget "ObentoTests" */ = {
			isa = XCConfigurationList;
			buildConfigurations = (
				53E50C9227C01800000AA45F /* Debug */,
				53E50C9327C01800000AA45F /* Release */,
			);
			defaultConfigurationIsVisible = 0;
			defaultConfigurationName = Release;
		};
		53E50C9427C01800000AA45F /* Build configuration list for PBXNativeTarget "ObentoUITests" */ = {
			isa = XCConfigurationList;
			buildConfigurations = (
				53E50C9527C01800000AA45F /* Debug */,
				53E50C9627C01800000AA45F /* Release */,
			);
			defaultConfigurationIsVisible = 0;
			defaultConfigurationName = Release;
		};
/* End XCConfigurationList section */
	};
	rootObject = 53E50C5C27C017FF000AA45F /* Project object */;
}
